// !$*UTF8*$!
{
	archiveVersion = 1;
	classes = {
	};
	objectVersion = 56;
	objects = {

/* Begin PBXBuildFile section */
		F9F910C92B371124001DD285 /* NetworkKit.docc in Sources */ = {isa = PBXBuildFile; fileRef = F9F910C82B371124001DD285 /* NetworkKit.docc */; };
		F9F910CF2B371124001DD285 /* NetworkKit.framework in Frameworks */ = {isa = PBXBuildFile; fileRef = F9F910C42B371124001DD285 /* NetworkKit.framework */; };
		F9F910D42B371124001DD285 /* NetworkKitTests.swift in Sources */ = {isa = PBXBuildFile; fileRef = F9F910D32B371124001DD285 /* NetworkKitTests.swift */; };
		F9F910D52B371124001DD285 /* NetworkKit.h in Headers */ = {isa = PBXBuildFile; fileRef = F9F910C72B371124001DD285 /* NetworkKit.h */; settings = {ATTRIBUTES = (Public, ); }; };
		F9F910E52B37121E001DD285 /* NetworkLayer in Resources */ = {isa = PBXBuildFile; fileRef = F9F910E42B37121E001DD285 /* NetworkLayer */; };
		F9F910EB2B3712AC001DD285 /* NetworkLayer in Frameworks */ = {isa = PBXBuildFile; productRef = F9F910EA2B3712AC001DD285 /* NetworkLayer */; };
		F9F9110B2B372F70001DD285 /* MovieResponse.swift in Sources */ = {isa = PBXBuildFile; fileRef = F9F9110A2B372F70001DD285 /* MovieResponse.swift */; };
		F9F9110D2B372F88001DD285 /* Movie.swift in Sources */ = {isa = PBXBuildFile; fileRef = F9F9110C2B372F88001DD285 /* Movie.swift */; };
		F9F911102B3740D9001DD285 /* DiscoverMoviesLoader.swift in Sources */ = {isa = PBXBuildFile; fileRef = F9F9110F2B3740D9001DD285 /* DiscoverMoviesLoader.swift */; };
		F9F911132B375399001DD285 /* DiscoverMovieRequest.swift in Sources */ = {isa = PBXBuildFile; fileRef = F9F911122B375399001DD285 /* DiscoverMovieRequest.swift */; };
		F9F911162B3757F2001DD285 /* DiscoverAPIRouter.swift in Sources */ = {isa = PBXBuildFile; fileRef = F9F911152B3757F2001DD285 /* DiscoverAPIRouter.swift */; };
		F9F911182B376968001DD285 /* MoviesDetailsAPIRouter.swift in Sources */ = {isa = PBXBuildFile; fileRef = F9F911172B376968001DD285 /* MoviesDetailsAPIRouter.swift */; };
		F9F9111A2B376A43001DD285 /* MovieDetailsLoader.swift in Sources */ = {isa = PBXBuildFile; fileRef = F9F911192B376A43001DD285 /* MovieDetailsLoader.swift */; };
		F9F9111C2B376A7F001DD285 /* MovieDetailsRequest.swift in Sources */ = {isa = PBXBuildFile; fileRef = F9F9111B2B376A7F001DD285 /* MovieDetailsRequest.swift */; };
/* End PBXBuildFile section */

/* Begin PBXContainerItemProxy section */
		F9F910D02B371124001DD285 /* PBXContainerItemProxy */ = {
			isa = PBXContainerItemProxy;
			containerPortal = F9F910BB2B371124001DD285 /* Project object */;
			proxyType = 1;
			remoteGlobalIDString = F9F910C32B371124001DD285;
			remoteInfo = NetworkKit;
		};
/* End PBXContainerItemProxy section */

/* Begin PBXFileReference section */
		F9F910C42B371124001DD285 /* NetworkKit.framework */ = {isa = PBXFileReference; explicitFileType = wrapper.framework; includeInIndex = 0; path = NetworkKit.framework; sourceTree = BUILT_PRODUCTS_DIR; };
		F9F910C72B371124001DD285 /* NetworkKit.h */ = {isa = PBXFileReference; lastKnownFileType = sourcecode.c.h; path = NetworkKit.h; sourceTree = "<group>"; };
		F9F910C82B371124001DD285 /* NetworkKit.docc */ = {isa = PBXFileReference; lastKnownFileType = folder.documentationcatalog; path = NetworkKit.docc; sourceTree = "<group>"; };
		F9F910CE2B371124001DD285 /* NetworkKitTests.xctest */ = {isa = PBXFileReference; explicitFileType = wrapper.cfbundle; includeInIndex = 0; path = NetworkKitTests.xctest; sourceTree = BUILT_PRODUCTS_DIR; };
		F9F910D32B371124001DD285 /* NetworkKitTests.swift */ = {isa = PBXFileReference; lastKnownFileType = sourcecode.swift; path = NetworkKitTests.swift; sourceTree = "<group>"; };
		F9F910E42B37121E001DD285 /* NetworkLayer */ = {isa = PBXFileReference; lastKnownFileType = wrapper; path = NetworkLayer; sourceTree = "<group>"; };
		F9F9110A2B372F70001DD285 /* MovieResponse.swift */ = {isa = PBXFileReference; lastKnownFileType = sourcecode.swift; path = MovieResponse.swift; sourceTree = "<group>"; };
		F9F9110C2B372F88001DD285 /* Movie.swift */ = {isa = PBXFileReference; lastKnownFileType = sourcecode.swift; path = Movie.swift; sourceTree = "<group>"; };
		F9F9110F2B3740D9001DD285 /* DiscoverMoviesLoader.swift */ = {isa = PBXFileReference; lastKnownFileType = sourcecode.swift; path = DiscoverMoviesLoader.swift; sourceTree = "<group>"; };
		F9F911122B375399001DD285 /* DiscoverMovieRequest.swift */ = {isa = PBXFileReference; lastKnownFileType = sourcecode.swift; path = DiscoverMovieRequest.swift; sourceTree = "<group>"; };
		F9F911152B3757F2001DD285 /* DiscoverAPIRouter.swift */ = {isa = PBXFileReference; lastKnownFileType = sourcecode.swift; path = DiscoverAPIRouter.swift; sourceTree = "<group>"; };
		F9F911172B376968001DD285 /* MoviesDetailsAPIRouter.swift */ = {isa = PBXFileReference; lastKnownFileType = sourcecode.swift; path = MoviesDetailsAPIRouter.swift; sourceTree = "<group>"; };
		F9F911192B376A43001DD285 /* MovieDetailsLoader.swift */ = {isa = PBXFileReference; lastKnownFileType = sourcecode.swift; path = MovieDetailsLoader.swift; sourceTree = "<group>"; };
		F9F9111B2B376A7F001DD285 /* MovieDetailsRequest.swift */ = {isa = PBXFileReference; lastKnownFileType = sourcecode.swift; path = MovieDetailsRequest.swift; sourceTree = "<group>"; };
/* End PBXFileReference section */

/* Begin PBXFrameworksBuildPhase section */
		F9F910C12B371124001DD285 /* Frameworks */ = {
			isa = PBXFrameworksBuildPhase;
			buildActionMask = 2147483647;
			files = (
				F9F910EB2B3712AC001DD285 /* NetworkLayer in Frameworks */,
			);
			runOnlyForDeploymentPostprocessing = 0;
		};
		F9F910CB2B371124001DD285 /* Frameworks */ = {
			isa = PBXFrameworksBuildPhase;
			buildActionMask = 2147483647;
			files = (
				F9F910CF2B371124001DD285 /* NetworkKit.framework in Frameworks */,
			);
			runOnlyForDeploymentPostprocessing = 0;
		};
/* End PBXFrameworksBuildPhase section */

/* Begin PBXGroup section */
		F9F910BA2B371124001DD285 = {
			isa = PBXGroup;
			children = (
				F9F910C62B371124001DD285 /* NetworkKit */,
				F9F910D22B371124001DD285 /* NetworkKitTests */,
				F9F910C52B371124001DD285 /* Products */,
				F9F910E92B3712AC001DD285 /* Frameworks */,
			);
			sourceTree = "<group>";
		};
		F9F910C52B371124001DD285 /* Products */ = {
			isa = PBXGroup;
			children = (
				F9F910C42B371124001DD285 /* NetworkKit.framework */,
				F9F910CE2B371124001DD285 /* NetworkKitTests.xctest */,
			);
			name = Products;
			sourceTree = "<group>";
		};
		F9F910C62B371124001DD285 /* NetworkKit */ = {
			isa = PBXGroup;
			children = (
				F9F911142B375748001DD285 /* Routers */,
				F9F9110E2B3740C9001DD285 /* Loaders */,
				F9F911092B372F4B001DD285 /* Models */,
				F9F910E32B37120B001DD285 /* Packages */,
				F9F910C72B371124001DD285 /* NetworkKit.h */,
				F9F910C82B371124001DD285 /* NetworkKit.docc */,
			);
			path = NetworkKit;
			sourceTree = "<group>";
		};
		F9F910D22B371124001DD285 /* NetworkKitTests */ = {
			isa = PBXGroup;
			children = (
				F9F910D32B371124001DD285 /* NetworkKitTests.swift */,
			);
			path = NetworkKitTests;
			sourceTree = "<group>";
		};
		F9F910E32B37120B001DD285 /* Packages */ = {
			isa = PBXGroup;
			children = (
				F9F910E42B37121E001DD285 /* NetworkLayer */,
			);
			path = Packages;
			sourceTree = "<group>";
		};
		F9F910E92B3712AC001DD285 /* Frameworks */ = {
			isa = PBXGroup;
			children = (
			);
			name = Frameworks;
			sourceTree = "<group>";
		};
		F9F911092B372F4B001DD285 /* Models */ = {
			isa = PBXGroup;
			children = (
				F9F911112B37537D001DD285 /* Requests */,
				F9F9110A2B372F70001DD285 /* MovieResponse.swift */,
				F9F9110C2B372F88001DD285 /* Movie.swift */,
			);
			path = Models;
			sourceTree = "<group>";
		};
		F9F9110E2B3740C9001DD285 /* Loaders */ = {
			isa = PBXGroup;
			children = (
				F9F9110F2B3740D9001DD285 /* DiscoverMoviesLoader.swift */,
				F9F911192B376A43001DD285 /* MovieDetailsLoader.swift */,
			);
			path = Loaders;
			sourceTree = "<group>";
		};
		F9F911112B37537D001DD285 /* Requests */ = {
			isa = PBXGroup;
			children = (
				F9F911122B375399001DD285 /* DiscoverMovieRequest.swift */,
				F9F9111B2B376A7F001DD285 /* MovieDetailsRequest.swift */,
			);
			path = Requests;
			sourceTree = "<group>";
		};
		F9F911142B375748001DD285 /* Routers */ = {
			isa = PBXGroup;
			children = (
				F9F911152B3757F2001DD285 /* DiscoverAPIRouter.swift */,
				F9F911172B376968001DD285 /* MoviesDetailsAPIRouter.swift */,
			);
			path = Routers;
			sourceTree = "<group>";
		};
/* End PBXGroup section */

/* Begin PBXHeadersBuildPhase section */
		F9F910BF2B371124001DD285 /* Headers */ = {
			isa = PBXHeadersBuildPhase;
			buildActionMask = 2147483647;
			files = (
				F9F910D52B371124001DD285 /* NetworkKit.h in Headers */,
			);
			runOnlyForDeploymentPostprocessing = 0;
		};
/* End PBXHeadersBuildPhase section */

/* Begin PBXNativeTarget section */
		F9F910C32B371124001DD285 /* NetworkKit */ = {
			isa = PBXNativeTarget;
			buildConfigurationList = F9F910D82B371124001DD285 /* Build configuration list for PBXNativeTarget "NetworkKit" */;
			buildPhases = (
				F9F910BF2B371124001DD285 /* Headers */,
				F9F910C02B371124001DD285 /* Sources */,
				F9F910C12B371124001DD285 /* Frameworks */,
				F9F910C22B371124001DD285 /* Resources */,
			);
			buildRules = (
			);
			dependencies = (
			);
			name = NetworkKit;
			packageProductDependencies = (
				F9F910EA2B3712AC001DD285 /* NetworkLayer */,
			);
			productName = NetworkKit;
			productReference = F9F910C42B371124001DD285 /* NetworkKit.framework */;
			productType = "com.apple.product-type.framework";
		};
		F9F910CD2B371124001DD285 /* NetworkKitTests */ = {
			isa = PBXNativeTarget;
			buildConfigurationList = F9F910DB2B371124001DD285 /* Build configuration list for PBXNativeTarget "NetworkKitTests" */;
			buildPhases = (
				F9F910CA2B371124001DD285 /* Sources */,
				F9F910CB2B371124001DD285 /* Frameworks */,
				F9F910CC2B371124001DD285 /* Resources */,
			);
			buildRules = (
			);
			dependencies = (
				F9F910D12B371124001DD285 /* PBXTargetDependency */,
			);
			name = NetworkKitTests;
			productName = NetworkKitTests;
			productReference = F9F910CE2B371124001DD285 /* NetworkKitTests.xctest */;
			productType = "com.apple.product-type.bundle.unit-test";
		};
/* End PBXNativeTarget section */

/* Begin PBXProject section */
		F9F910BB2B371124001DD285 /* Project object */ = {
			isa = PBXProject;
			attributes = {
				BuildIndependentTargetsInParallel = 1;
				LastSwiftUpdateCheck = 1500;
				LastUpgradeCheck = 1500;
				TargetAttributes = {
					F9F910C32B371124001DD285 = {
						CreatedOnToolsVersion = 15.0;
					};
					F9F910CD2B371124001DD285 = {
						CreatedOnToolsVersion = 15.0;
					};
				};
			};
			buildConfigurationList = F9F910BE2B371124001DD285 /* Build configuration list for PBXProject "NetworkKit" */;
			compatibilityVersion = "Xcode 14.0";
			developmentRegion = en;
			hasScannedForEncodings = 0;
			knownRegions = (
				en,
				Base,
			);
			mainGroup = F9F910BA2B371124001DD285;
			productRefGroup = F9F910C52B371124001DD285 /* Products */;
			projectDirPath = "";
			projectRoot = "";
			targets = (
				F9F910C32B371124001DD285 /* NetworkKit */,
				F9F910CD2B371124001DD285 /* NetworkKitTests */,
			);
		};
/* End PBXProject section */

/* Begin PBXResourcesBuildPhase section */
		F9F910C22B371124001DD285 /* Resources */ = {
			isa = PBXResourcesBuildPhase;
			buildActionMask = 2147483647;
			files = (
				F9F910E52B37121E001DD285 /* NetworkLayer in Resources */,
			);
			runOnlyForDeploymentPostprocessing = 0;
		};
		F9F910CC2B371124001DD285 /* Resources */ = {
			isa = PBXResourcesBuildPhase;
			buildActionMask = 2147483647;
			files = (
			);
			runOnlyForDeploymentPostprocessing = 0;
		};
/* End PBXResourcesBuildPhase section */

/* Begin PBXSourcesBuildPhase section */
		F9F910C02B371124001DD285 /* Sources */ = {
			isa = PBXSourcesBuildPhase;
			buildActionMask = 2147483647;
			files = (
				F9F9110B2B372F70001DD285 /* MovieResponse.swift in Sources */,
				F9F911182B376968001DD285 /* MoviesDetailsAPIRouter.swift in Sources */,
				F9F910C92B371124001DD285 /* NetworkKit.docc in Sources */,
				F9F9110D2B372F88001DD285 /* Movie.swift in Sources */,
				F9F9111A2B376A43001DD285 /* MovieDetailsLoader.swift in Sources */,
				F9F9111C2B376A7F001DD285 /* MovieDetailsRequest.swift in Sources */,
				F9F911102B3740D9001DD285 /* DiscoverMoviesLoader.swift in Sources */,
				F9F911162B3757F2001DD285 /* DiscoverAPIRouter.swift in Sources */,
				F9F911132B375399001DD285 /* DiscoverMovieRequest.swift in Sources */,
			);
			runOnlyForDeploymentPostprocessing = 0;
		};
		F9F910CA2B371124001DD285 /* Sources */ = {
			isa = PBXSourcesBuildPhase;
			buildActionMask = 2147483647;
			files = (
				F9F910D42B371124001DD285 /* NetworkKitTests.swift in Sources */,
			);
			runOnlyForDeploymentPostprocessing = 0;
		};
/* End PBXSourcesBuildPhase section */

/* Begin PBXTargetDependency section */
		F9F910D12B371124001DD285 /* PBXTargetDependency */ = {
			isa = PBXTargetDependency;
			target = F9F910C32B371124001DD285 /* NetworkKit */;
			targetProxy = F9F910D02B371124001DD285 /* PBXContainerItemProxy */;
		};
/* End PBXTargetDependency section */

/* Begin XCBuildConfiguration section */
		F9F910D62B371124001DD285 /* Debug */ = {
			isa = XCBuildConfiguration;
			buildSettings = {
				ALWAYS_SEARCH_USER_PATHS = NO;
				ASSETCATALOG_COMPILER_GENERATE_SWIFT_ASSET_SYMBOL_EXTENSIONS = YES;
				CLANG_ANALYZER_NONNULL = YES;
				CLANG_ANALYZER_NUMBER_OBJECT_CONVERSION = YES_AGGRESSIVE;
				CLANG_CXX_LANGUAGE_STANDARD = "gnu++20";
				CLANG_ENABLE_MODULES = YES;
				CLANG_ENABLE_OBJC_ARC = YES;
				CLANG_ENABLE_OBJC_WEAK = YES;
				CLANG_WARN_BLOCK_CAPTURE_AUTORELEASING = YES;
				CLANG_WARN_BOOL_CONVERSION = YES;
				CLANG_WARN_COMMA = YES;
				CLANG_WARN_CONSTANT_CONVERSION = YES;
				CLANG_WARN_DEPRECATED_OBJC_IMPLEMENTATIONS = YES;
				CLANG_WARN_DIRECT_OBJC_ISA_USAGE = YES_ERROR;
				CLANG_WARN_DOCUMENTATION_COMMENTS = YES;
				CLANG_WARN_EMPTY_BODY = YES;
				CLANG_WARN_ENUM_CONVERSION = YES;
				CLANG_WARN_INFINITE_RECURSION = YES;
				CLANG_WARN_INT_CONVERSION = YES;
				CLANG_WARN_NON_LITERAL_NULL_CONVERSION = YES;
				CLANG_WARN_OBJC_IMPLICIT_RETAIN_SELF = YES;
				CLANG_WARN_OBJC_LITERAL_CONVERSION = YES;
				CLANG_WARN_OBJC_ROOT_CLASS = YES_ERROR;
				CLANG_WARN_QUOTED_INCLUDE_IN_FRAMEWORK_HEADER = YES;
				CLANG_WARN_RANGE_LOOP_ANALYSIS = YES;
				CLANG_WARN_STRICT_PROTOTYPES = YES;
				CLANG_WARN_SUSPICIOUS_MOVE = YES;
				CLANG_WARN_UNGUARDED_AVAILABILITY = YES_AGGRESSIVE;
				CLANG_WARN_UNREACHABLE_CODE = YES;
				CLANG_WARN__DUPLICATE_METHOD_MATCH = YES;
				COPY_PHASE_STRIP = NO;
				CURRENT_PROJECT_VERSION = 1;
				DEBUG_INFORMATION_FORMAT = dwarf;
				ENABLE_STRICT_OBJC_MSGSEND = YES;
				ENABLE_TESTABILITY = YES;
				ENABLE_USER_SCRIPT_SANDBOXING = YES;
				GCC_C_LANGUAGE_STANDARD = gnu17;
				GCC_DYNAMIC_NO_PIC = NO;
				GCC_NO_COMMON_BLOCKS = YES;
				GCC_OPTIMIZATION_LEVEL = 0;
				GCC_PREPROCESSOR_DEFINITIONS = (
					"DEBUG=1",
					"$(inherited)",
				);
				GCC_WARN_64_TO_32_BIT_CONVERSION = YES;
				GCC_WARN_ABOUT_RETURN_TYPE = YES_ERROR;
				GCC_WARN_UNDECLARED_SELECTOR = YES;
				GCC_WARN_UNINITIALIZED_AUTOS = YES_AGGRESSIVE;
				GCC_WARN_UNUSED_FUNCTION = YES;
				GCC_WARN_UNUSED_VARIABLE = YES;
				IPHONEOS_DEPLOYMENT_TARGET = 17.0;
				LOCALIZATION_PREFERS_STRING_CATALOGS = YES;
				MTL_ENABLE_DEBUG_INFO = INCLUDE_SOURCE;
				MTL_FAST_MATH = YES;
				ONLY_ACTIVE_ARCH = YES;
				SDKROOT = iphoneos;
				SWIFT_ACTIVE_COMPILATION_CONDITIONS = "DEBUG $(inherited)";
				SWIFT_OPTIMIZATION_LEVEL = "-Onone";
				VERSIONING_SYSTEM = "apple-generic";
				VERSION_INFO_PREFIX = "";
			};
			name = Debug;
		};
		F9F910D72B371124001DD285 /* Release */ = {
			isa = XCBuildConfiguration;
			buildSettings = {
				ALWAYS_SEARCH_USER_PATHS = NO;
				ASSETCATALOG_COMPILER_GENERATE_SWIFT_ASSET_SYMBOL_EXTENSIONS = YES;
				CLANG_ANALYZER_NONNULL = YES;
				CLANG_ANALYZER_NUMBER_OBJECT_CONVERSION = YES_AGGRESSIVE;
				CLANG_CXX_LANGUAGE_STANDARD = "gnu++20";
				CLANG_ENABLE_MODULES = YES;
				CLANG_ENABLE_OBJC_ARC = YES;
				CLANG_ENABLE_OBJC_WEAK = YES;
				CLANG_WARN_BLOCK_CAPTURE_AUTORELEASING = YES;
				CLANG_WARN_BOOL_CONVERSION = YES;
				CLANG_WARN_COMMA = YES;
				CLANG_WARN_CONSTANT_CONVERSION = YES;
				CLANG_WARN_DEPRECATED_OBJC_IMPLEMENTATIONS = YES;
				CLANG_WARN_DIRECT_OBJC_ISA_USAGE = YES_ERROR;
				CLANG_WARN_DOCUMENTATION_COMMENTS = YES;
				CLANG_WARN_EMPTY_BODY = YES;
				CLANG_WARN_ENUM_CONVERSION = YES;
				CLANG_WARN_INFINITE_RECURSION = YES;
				CLANG_WARN_INT_CONVERSION = YES;
				CLANG_WARN_NON_LITERAL_NULL_CONVERSION = YES;
				CLANG_WARN_OBJC_IMPLICIT_RETAIN_SELF = YES;
				CLANG_WARN_OBJC_LITERAL_CONVERSION = YES;
				CLANG_WARN_OBJC_ROOT_CLASS = YES_ERROR;
				CLANG_WARN_QUOTED_INCLUDE_IN_FRAMEWORK_HEADER = YES;
				CLANG_WARN_RANGE_LOOP_ANALYSIS = YES;
				CLANG_WARN_STRICT_PROTOTYPES = YES;
				CLANG_WARN_SUSPICIOUS_MOVE = YES;
				CLANG_WARN_UNGUARDED_AVAILABILITY = YES_AGGRESSIVE;
				CLANG_WARN_UNREACHABLE_CODE = YES;
				CLANG_WARN__DUPLICATE_METHOD_MATCH = YES;
				COPY_PHASE_STRIP = NO;
				CURRENT_PROJECT_VERSION = 1;
				DEBUG_INFORMATION_FORMAT = "dwarf-with-dsym";
				ENABLE_NS_ASSERTIONS = NO;
				ENABLE_STRICT_OBJC_MSGSEND = YES;
				ENABLE_USER_SCRIPT_SANDBOXING = YES;
				GCC_C_LANGUAGE_STANDARD = gnu17;
				GCC_NO_COMMON_BLOCKS = YES;
				GCC_WARN_64_TO_32_BIT_CONVERSION = YES;
				GCC_WARN_ABOUT_RETURN_TYPE = YES_ERROR;
				GCC_WARN_UNDECLARED_SELECTOR = YES;
				GCC_WARN_UNINITIALIZED_AUTOS = YES_AGGRESSIVE;
				GCC_WARN_UNUSED_FUNCTION = YES;
				GCC_WARN_UNUSED_VARIABLE = YES;
				IPHONEOS_DEPLOYMENT_TARGET = 17.0;
				LOCALIZATION_PREFERS_STRING_CATALOGS = YES;
				MTL_ENABLE_DEBUG_INFO = NO;
				MTL_FAST_MATH = YES;
				SDKROOT = iphoneos;
				SWIFT_COMPILATION_MODE = wholemodule;
				VALIDATE_PRODUCT = YES;
				VERSIONING_SYSTEM = "apple-generic";
				VERSION_INFO_PREFIX = "";
			};
			name = Release;
		};
		F9F910D92B371124001DD285 /* Debug */ = {
			isa = XCBuildConfiguration;
			buildSettings = {
				CODE_SIGN_STYLE = Automatic;
				CURRENT_PROJECT_VERSION = 1;
				DEFINES_MODULE = YES;
				DEVELOPMENT_TEAM = YKSLKY2D83;
				DYLIB_COMPATIBILITY_VERSION = 1;
				DYLIB_CURRENT_VERSION = 1;
				DYLIB_INSTALL_NAME_BASE = "@rpath";
				ENABLE_MODULE_VERIFIER = YES;
				GENERATE_INFOPLIST_FILE = YES;
				INFOPLIST_KEY_NSHumanReadableCopyright = "";
				INSTALL_PATH = "$(LOCAL_LIBRARY_DIR)/Frameworks";
				LD_RUNPATH_SEARCH_PATHS = (
					"$(inherited)",
					"@executable_path/Frameworks",
					"@loader_path/Frameworks",
				);
				MARKETING_VERSION = 1.0;
				MODULE_VERIFIER_SUPPORTED_LANGUAGES = "objective-c objective-c++";
				MODULE_VERIFIER_SUPPORTED_LANGUAGE_STANDARDS = "gnu17 gnu++20";
				PRODUCT_BUNDLE_IDENTIFIER = com.task.NetworkKit;
				PRODUCT_NAME = "$(TARGET_NAME:c99extidentifier)";
				SKIP_INSTALL = YES;
				SWIFT_EMIT_LOC_STRINGS = YES;
				SWIFT_VERSION = 5.0;
				TARGETED_DEVICE_FAMILY = "1,2";
			};
			name = Debug;
		};
		F9F910DA2B371124001DD285 /* Release */ = {
			isa = XCBuildConfiguration;
			buildSettings = {
				CODE_SIGN_STYLE = Automatic;
				CURRENT_PROJECT_VERSION = 1;
				DEFINES_MODULE = YES;
				DEVELOPMENT_TEAM = YKSLKY2D83;
				DYLIB_COMPATIBILITY_VERSION = 1;
				DYLIB_CURRENT_VERSION = 1;
				DYLIB_INSTALL_NAME_BASE = "@rpath";
				ENABLE_MODULE_VERIFIER = YES;
				GENERATE_INFOPLIST_FILE = YES;
				INFOPLIST_KEY_NSHumanReadableCopyright = "";
				INSTALL_PATH = "$(LOCAL_LIBRARY_DIR)/Frameworks";
				LD_RUNPATH_SEARCH_PATHS = (
					"$(inherited)",
					"@executable_path/Frameworks",
					"@loader_path/Frameworks",
				);
				MARKETING_VERSION = 1.0;
				MODULE_VERIFIER_SUPPORTED_LANGUAGES = "objective-c objective-c++";
				MODULE_VERIFIER_SUPPORTED_LANGUAGE_STANDARDS = "gnu17 gnu++20";
				PRODUCT_BUNDLE_IDENTIFIER = com.task.NetworkKit;
				PRODUCT_NAME = "$(TARGET_NAME:c99extidentifier)";
				SKIP_INSTALL = YES;
				SWIFT_EMIT_LOC_STRINGS = YES;
				SWIFT_VERSION = 5.0;
				TARGETED_DEVICE_FAMILY = "1,2";
			};
			name = Release;
		};
		F9F910DC2B371124001DD285 /* Debug */ = {
			isa = XCBuildConfiguration;
			buildSettings = {
				CODE_SIGN_STYLE = Automatic;
				CURRENT_PROJECT_VERSION = 1;
				DEVELOPMENT_TEAM = YKSLKY2D83;
				GENERATE_INFOPLIST_FILE = YES;
				MARKETING_VERSION = 1.0;
				PRODUCT_BUNDLE_IDENTIFIER = com.task.NetworkKitTests;
				PRODUCT_NAME = "$(TARGET_NAME)";
				SWIFT_EMIT_LOC_STRINGS = NO;
				SWIFT_VERSION = 5.0;
				TARGETED_DEVICE_FAMILY = "1,2";
			};
			name = Debug;
		};
		F9F910DD2B371124001DD285 /* Release */ = {
			isa = XCBuildConfiguration;
			buildSettings = {
				CODE_SIGN_STYLE = Automatic;
				CURRENT_PROJECT_VERSION = 1;
				DEVELOPMENT_TEAM = YKSLKY2D83;
				GENERATE_INFOPLIST_FILE = YES;
				MARKETING_VERSION = 1.0;
				PRODUCT_BUNDLE_IDENTIFIER = com.task.NetworkKitTests;
				PRODUCT_NAME = "$(TARGET_NAME)";
				SWIFT_EMIT_LOC_STRINGS = NO;
				SWIFT_VERSION = 5.0;
				TARGETED_DEVICE_FAMILY = "1,2";
			};
			name = Release;
		};
/* End XCBuildConfiguration section */

/* Begin XCConfigurationList section */
		F9F910BE2B371124001DD285 /* Build configuration list for PBXProject "NetworkKit" */ = {
			isa = XCConfigurationList;
			buildConfigurations = (
				F9F910D62B371124001DD285 /* Debug */,
				F9F910D72B371124001DD285 /* Release */,
			);
			defaultConfigurationIsVisible = 0;
			defaultConfigurationName = Release;
		};
		F9F910D82B371124001DD285 /* Build configuration list for PBXNativeTarget "NetworkKit" */ = {
			isa = XCConfigurationList;
			buildConfigurations = (
				F9F910D92B371124001DD285 /* Debug */,
				F9F910DA2B371124001DD285 /* Release */,
			);
			defaultConfigurationIsVisible = 0;
			defaultConfigurationName = Release;
		};
		F9F910DB2B371124001DD285 /* Build configuration list for PBXNativeTarget "NetworkKitTests" */ = {
			isa = XCConfigurationList;
			buildConfigurations = (
				F9F910DC2B371124001DD285 /* Debug */,
				F9F910DD2B371124001DD285 /* Release */,
			);
			defaultConfigurationIsVisible = 0;
			defaultConfigurationName = Release;
		};
/* End XCConfigurationList section */

/* Begin XCSwiftPackageProductDependency section */
		F9F910EA2B3712AC001DD285 /* NetworkLayer */ = {
			isa = XCSwiftPackageProductDependency;
			productName = NetworkLayer;
		};
/* End XCSwiftPackageProductDependency section */
	};
	rootObject = F9F910BB2B371124001DD285 /* Project object */;
}
