// !$*UTF8*$!
{
	archiveVersion = 1;
	classes = {
	};
	objectVersion = 56;
	objects = {

/* Begin PBXBuildFile section */
		F9228F282B33B79800EDA469 /* AppConfig.swift in Sources */ = {isa = PBXBuildFile; fileRef = F9228F272B33B79800EDA469 /* AppConfig.swift */; };
		F93E076A2B335AF700DF8A48 /* AppDelegate.swift in Sources */ = {isa = PBXBuildFile; fileRef = F93E07692B335AF700DF8A48 /* AppDelegate.swift */; };
		F93E076C2B335AF700DF8A48 /* SceneDelegate.swift in Sources */ = {isa = PBXBuildFile; fileRef = F93E076B2B335AF700DF8A48 /* SceneDelegate.swift */; };
		F93E076E2B335AF700DF8A48 /* ViewController.swift in Sources */ = {isa = PBXBuildFile; fileRef = F93E076D2B335AF700DF8A48 /* ViewController.swift */; };
		F93E07712B335AF700DF8A48 /* Main.storyboard in Resources */ = {isa = PBXBuildFile; fileRef = F93E076F2B335AF700DF8A48 /* Main.storyboard */; };
		F93E07742B335AF700DF8A48 /* TMDB.xcdatamodeld in Sources */ = {isa = PBXBuildFile; fileRef = F93E07722B335AF700DF8A48 /* TMDB.xcdatamodeld */; };
		F93E07762B335AF800DF8A48 /* Assets.xcassets in Resources */ = {isa = PBXBuildFile; fileRef = F93E07752B335AF800DF8A48 /* Assets.xcassets */; };
		F93E07792B335AF800DF8A48 /* LaunchScreen.storyboard in Resources */ = {isa = PBXBuildFile; fileRef = F93E07772B335AF800DF8A48 /* LaunchScreen.storyboard */; };
		F93E07842B335AF800DF8A48 /* TMDBTests.swift in Sources */ = {isa = PBXBuildFile; fileRef = F93E07832B335AF800DF8A48 /* TMDBTests.swift */; };
		F93E078E2B335AF800DF8A48 /* TMDBUITests.swift in Sources */ = {isa = PBXBuildFile; fileRef = F93E078D2B335AF800DF8A48 /* TMDBUITests.swift */; };
		F93E07902B335AF800DF8A48 /* TMDBUITestsLaunchTests.swift in Sources */ = {isa = PBXBuildFile; fileRef = F93E078F2B335AF800DF8A48 /* TMDBUITestsLaunchTests.swift */; };
		F93E079E2B335BD500DF8A48 /* Alamofire in Frameworks */ = {isa = PBXBuildFile; productRef = F93E079D2B335BD500DF8A48 /* Alamofire */; };
		F93E07A12B335CF200DF8A48 /* APIClient.swift in Sources */ = {isa = PBXBuildFile; fileRef = F93E07A02B335CF200DF8A48 /* APIClient.swift */; };
		F93E07A32B335D0300DF8A48 /* APIRouterProtocol.swift in Sources */ = {isa = PBXBuildFile; fileRef = F93E07A22B335D0300DF8A48 /* APIRouterProtocol.swift */; };
		F93E07A72B336DC000DF8A48 /* APIRequestConfiguration.swift in Sources */ = {isa = PBXBuildFile; fileRef = F93E07A62B336DC000DF8A48 /* APIRequestConfiguration.swift */; };
		F93E07AB2B3373F700DF8A48 /* APILoaderProtocol.swift in Sources */ = {isa = PBXBuildFile; fileRef = F93E07AA2B3373F700DF8A48 /* APILoaderProtocol.swift */; };
/* End PBXBuildFile section */

/* Begin PBXContainerItemProxy section */
		F93E07802B335AF800DF8A48 /* PBXContainerItemProxy */ = {
			isa = PBXContainerItemProxy;
			containerPortal = F93E075E2B335AF700DF8A48 /* Project object */;
			proxyType = 1;
			remoteGlobalIDString = F93E07652B335AF700DF8A48;
			remoteInfo = TMDB;
		};
		F93E078A2B335AF800DF8A48 /* PBXContainerItemProxy */ = {
			isa = PBXContainerItemProxy;
			containerPortal = F93E075E2B335AF700DF8A48 /* Project object */;
			proxyType = 1;
			remoteGlobalIDString = F93E07652B335AF700DF8A48;
			remoteInfo = TMDB;
		};
/* End PBXContainerItemProxy section */

/* Begin PBXFileReference section */
		F9228F272B33B79800EDA469 /* AppConfig.swift */ = {isa = PBXFileReference; lastKnownFileType = sourcecode.swift; path = AppConfig.swift; sourceTree = "<group>"; };
		F93E07662B335AF700DF8A48 /* TMDB.app */ = {isa = PBXFileReference; explicitFileType = wrapper.application; includeInIndex = 0; path = TMDB.app; sourceTree = BUILT_PRODUCTS_DIR; };
		F93E07692B335AF700DF8A48 /* AppDelegate.swift */ = {isa = PBXFileReference; lastKnownFileType = sourcecode.swift; path = AppDelegate.swift; sourceTree = "<group>"; };
		F93E076B2B335AF700DF8A48 /* SceneDelegate.swift */ = {isa = PBXFileReference; lastKnownFileType = sourcecode.swift; path = SceneDelegate.swift; sourceTree = "<group>"; };
		F93E076D2B335AF700DF8A48 /* ViewController.swift */ = {isa = PBXFileReference; lastKnownFileType = sourcecode.swift; path = ViewController.swift; sourceTree = "<group>"; };
		F93E07702B335AF700DF8A48 /* Base */ = {isa = PBXFileReference; lastKnownFileType = file.storyboard; name = Base; path = Base.lproj/Main.storyboard; sourceTree = "<group>"; };
		F93E07732B335AF700DF8A48 /* TMDB.xcdatamodel */ = {isa = PBXFileReference; lastKnownFileType = wrapper.xcdatamodel; path = TMDB.xcdatamodel; sourceTree = "<group>"; };
		F93E07752B335AF800DF8A48 /* Assets.xcassets */ = {isa = PBXFileReference; lastKnownFileType = folder.assetcatalog; path = Assets.xcassets; sourceTree = "<group>"; };
		F93E07782B335AF800DF8A48 /* Base */ = {isa = PBXFileReference; lastKnownFileType = file.storyboard; name = Base; path = Base.lproj/LaunchScreen.storyboard; sourceTree = "<group>"; };
		F93E077A2B335AF800DF8A48 /* Info.plist */ = {isa = PBXFileReference; lastKnownFileType = text.plist.xml; path = Info.plist; sourceTree = "<group>"; };
		F93E077F2B335AF800DF8A48 /* TMDBTests.xctest */ = {isa = PBXFileReference; explicitFileType = wrapper.cfbundle; includeInIndex = 0; path = TMDBTests.xctest; sourceTree = BUILT_PRODUCTS_DIR; };
		F93E07832B335AF800DF8A48 /* TMDBTests.swift */ = {isa = PBXFileReference; lastKnownFileType = sourcecode.swift; path = TMDBTests.swift; sourceTree = "<group>"; };
		F93E07892B335AF800DF8A48 /* TMDBUITests.xctest */ = {isa = PBXFileReference; explicitFileType = wrapper.cfbundle; includeInIndex = 0; path = TMDBUITests.xctest; sourceTree = BUILT_PRODUCTS_DIR; };
		F93E078D2B335AF800DF8A48 /* TMDBUITests.swift */ = {isa = PBXFileReference; lastKnownFileType = sourcecode.swift; path = TMDBUITests.swift; sourceTree = "<group>"; };
		F93E078F2B335AF800DF8A48 /* TMDBUITestsLaunchTests.swift */ = {isa = PBXFileReference; lastKnownFileType = sourcecode.swift; path = TMDBUITestsLaunchTests.swift; sourceTree = "<group>"; };
		F93E07A02B335CF200DF8A48 /* APIClient.swift */ = {isa = PBXFileReference; lastKnownFileType = sourcecode.swift; path = APIClient.swift; sourceTree = "<group>"; };
		F93E07A22B335D0300DF8A48 /* APIRouterProtocol.swift */ = {isa = PBXFileReference; lastKnownFileType = sourcecode.swift; path = APIRouterProtocol.swift; sourceTree = "<group>"; };
		F93E07A62B336DC000DF8A48 /* APIRequestConfiguration.swift */ = {isa = PBXFileReference; lastKnownFileType = sourcecode.swift; path = APIRequestConfiguration.swift; sourceTree = "<group>"; };
		F93E07AA2B3373F700DF8A48 /* APILoaderProtocol.swift */ = {isa = PBXFileReference; lastKnownFileType = sourcecode.swift; path = APILoaderProtocol.swift; sourceTree = "<group>"; };
/* End PBXFileReference section */

/* Begin PBXFrameworksBuildPhase section */
		F93E07632B335AF700DF8A48 /* Frameworks */ = {
			isa = PBXFrameworksBuildPhase;
			buildActionMask = 2147483647;
			files = (
				F93E079E2B335BD500DF8A48 /* Alamofire in Frameworks */,
			);
			runOnlyForDeploymentPostprocessing = 0;
		};
		F93E077C2B335AF800DF8A48 /* Frameworks */ = {
			isa = PBXFrameworksBuildPhase;
			buildActionMask = 2147483647;
			files = (
			);
			runOnlyForDeploymentPostprocessing = 0;
		};
		F93E07862B335AF800DF8A48 /* Frameworks */ = {
			isa = PBXFrameworksBuildPhase;
			buildActionMask = 2147483647;
			files = (
			);
			runOnlyForDeploymentPostprocessing = 0;
		};
/* End PBXFrameworksBuildPhase section */

/* Begin PBXGroup section */
		F93E075D2B335AF700DF8A48 = {
			isa = PBXGroup;
			children = (
				F93E07682B335AF700DF8A48 /* TMDB */,
				F93E07822B335AF800DF8A48 /* TMDBTests */,
				F93E078C2B335AF800DF8A48 /* TMDBUITests */,
				F93E07672B335AF700DF8A48 /* Products */,
			);
			sourceTree = "<group>";
		};
		F93E07672B335AF700DF8A48 /* Products */ = {
			isa = PBXGroup;
			children = (
				F93E07662B335AF700DF8A48 /* TMDB.app */,
				F93E077F2B335AF800DF8A48 /* TMDBTests.xctest */,
				F93E07892B335AF800DF8A48 /* TMDBUITests.xctest */,
			);
			name = Products;
			sourceTree = "<group>";
		};
		F93E07682B335AF700DF8A48 /* TMDB */ = {
			isa = PBXGroup;
			children = (
				F93E07692B335AF700DF8A48 /* AppDelegate.swift */,
				F93E076B2B335AF700DF8A48 /* SceneDelegate.swift */,
				F93E076D2B335AF700DF8A48 /* ViewController.swift */,
				F93E079F2B335CCD00DF8A48 /* NetworkLayer */,
				F93E076F2B335AF700DF8A48 /* Main.storyboard */,
				F93E07752B335AF800DF8A48 /* Assets.xcassets */,
				F93E07772B335AF800DF8A48 /* LaunchScreen.storyboard */,
				F93E077A2B335AF800DF8A48 /* Info.plist */,
				F93E07722B335AF700DF8A48 /* TMDB.xcdatamodeld */,
			);
			path = TMDB;
			sourceTree = "<group>";
		};
		F93E07822B335AF800DF8A48 /* TMDBTests */ = {
			isa = PBXGroup;
			children = (
				F93E07832B335AF800DF8A48 /* TMDBTests.swift */,
			);
			path = TMDBTests;
			sourceTree = "<group>";
		};
		F93E078C2B335AF800DF8A48 /* TMDBUITests */ = {
			isa = PBXGroup;
			children = (
				F93E078D2B335AF800DF8A48 /* TMDBUITests.swift */,
				F93E078F2B335AF800DF8A48 /* TMDBUITestsLaunchTests.swift */,
			);
			path = TMDBUITests;
			sourceTree = "<group>";
		};
		F93E079F2B335CCD00DF8A48 /* NetworkLayer */ = {
			isa = PBXGroup;
			children = (
				F93E07A02B335CF200DF8A48 /* APIClient.swift */,
				F93E07A22B335D0300DF8A48 /* APIRouterProtocol.swift */,
				F93E07A62B336DC000DF8A48 /* APIRequestConfiguration.swift */,
				F93E07AA2B3373F700DF8A48 /* APILoaderProtocol.swift */,
				F9228F272B33B79800EDA469 /* AppConfig.swift */,
			);
			path = NetworkLayer;
			sourceTree = "<group>";
		};
/* End PBXGroup section */

/* Begin PBXNativeTarget section */
		F93E07652B335AF700DF8A48 /* TMDB */ = {
			isa = PBXNativeTarget;
			buildConfigurationList = F93E07932B335AF800DF8A48 /* Build configuration list for PBXNativeTarget "TMDB" */;
			buildPhases = (
				F93E07622B335AF700DF8A48 /* Sources */,
				F93E07632B335AF700DF8A48 /* Frameworks */,
				F93E07642B335AF700DF8A48 /* Resources */,
			);
			buildRules = (
			);
			dependencies = (
			);
			name = TMDB;
			packageProductDependencies = (
				F93E079D2B335BD500DF8A48 /* Alamofire */,
			);
			productName = TMDB;
			productReference = F93E07662B335AF700DF8A48 /* TMDB.app */;
			productType = "com.apple.product-type.application";
		};
		F93E077E2B335AF800DF8A48 /* TMDBTests */ = {
			isa = PBXNativeTarget;
			buildConfigurationList = F93E07962B335AF800DF8A48 /* Build configuration list for PBXNativeTarget "TMDBTests" */;
			buildPhases = (
				F93E077B2B335AF800DF8A48 /* Sources */,
				F93E077C2B335AF800DF8A48 /* Frameworks */,
				F93E077D2B335AF800DF8A48 /* Resources */,
			);
			buildRules = (
			);
			dependencies = (
				F93E07812B335AF800DF8A48 /* PBXTargetDependency */,
			);
			name = TMDBTests;
			productName = TMDBTests;
			productReference = F93E077F2B335AF800DF8A48 /* TMDBTests.xctest */;
			productType = "com.apple.product-type.bundle.unit-test";
		};
		F93E07882B335AF800DF8A48 /* TMDBUITests */ = {
			isa = PBXNativeTarget;
			buildConfigurationList = F93E07992B335AF800DF8A48 /* Build configuration list for PBXNativeTarget "TMDBUITests" */;
			buildPhases = (
				F93E07852B335AF800DF8A48 /* Sources */,
				F93E07862B335AF800DF8A48 /* Frameworks */,
				F93E07872B335AF800DF8A48 /* Resources */,
			);
			buildRules = (
			);
			dependencies = (
				F93E078B2B335AF800DF8A48 /* PBXTargetDependency */,
			);
			name = TMDBUITests;
			productName = TMDBUITests;
			productReference = F93E07892B335AF800DF8A48 /* TMDBUITests.xctest */;
			productType = "com.apple.product-type.bundle.ui-testing";
		};
/* End PBXNativeTarget section */

/* Begin PBXProject section */
		F93E075E2B335AF700DF8A48 /* Project object */ = {
			isa = PBXProject;
			attributes = {
				BuildIndependentTargetsInParallel = 1;
				LastSwiftUpdateCheck = 1500;
				LastUpgradeCheck = 1500;
				TargetAttributes = {
					F93E07652B335AF700DF8A48 = {
						CreatedOnToolsVersion = 15.0;
					};
					F93E077E2B335AF800DF8A48 = {
						CreatedOnToolsVersion = 15.0;
						TestTargetID = F93E07652B335AF700DF8A48;
					};
					F93E07882B335AF800DF8A48 = {
						CreatedOnToolsVersion = 15.0;
						TestTargetID = F93E07652B335AF700DF8A48;
					};
				};
			};
			buildConfigurationList = F93E07612B335AF700DF8A48 /* Build configuration list for PBXProject "TMDB" */;
			compatibilityVersion = "Xcode 14.0";
			developmentRegion = en;
			hasScannedForEncodings = 0;
			knownRegions = (
				en,
				Base,
			);
			mainGroup = F93E075D2B335AF700DF8A48;
			packageReferences = (
				F93E079C2B335BD500DF8A48 /* XCRemoteSwiftPackageReference "Alamofire" */,
			);
			productRefGroup = F93E07672B335AF700DF8A48 /* Products */;
			projectDirPath = "";
			projectRoot = "";
			targets = (
				F93E07652B335AF700DF8A48 /* TMDB */,
				F93E077E2B335AF800DF8A48 /* TMDBTests */,
				F93E07882B335AF800DF8A48 /* TMDBUITests */,
			);
		};
/* End PBXProject section */

/* Begin PBXResourcesBuildPhase section */
		F93E07642B335AF700DF8A48 /* Resources */ = {
			isa = PBXResourcesBuildPhase;
			buildActionMask = 2147483647;
			files = (
				F93E07792B335AF800DF8A48 /* LaunchScreen.storyboard in Resources */,
				F93E07762B335AF800DF8A48 /* Assets.xcassets in Resources */,
				F93E07712B335AF700DF8A48 /* Main.storyboard in Resources */,
			);
			runOnlyForDeploymentPostprocessing = 0;
		};
		F93E077D2B335AF800DF8A48 /* Resources */ = {
			isa = PBXResourcesBuildPhase;
			buildActionMask = 2147483647;
			files = (
			);
			runOnlyForDeploymentPostprocessing = 0;
		};
		F93E07872B335AF800DF8A48 /* Resources */ = {
			isa = PBXResourcesBuildPhase;
			buildActionMask = 2147483647;
			files = (
			);
			runOnlyForDeploymentPostprocessing = 0;
		};
/* End PBXResourcesBuildPhase section */

/* Begin PBXSourcesBuildPhase section */
		F93E07622B335AF700DF8A48 /* Sources */ = {
			isa = PBXSourcesBuildPhase;
			buildActionMask = 2147483647;
			files = (
				F9228F282B33B79800EDA469 /* AppConfig.swift in Sources */,
				F93E07742B335AF700DF8A48 /* TMDB.xcdatamodeld in Sources */,
				F93E07A32B335D0300DF8A48 /* APIRouterProtocol.swift in Sources */,
				F93E076E2B335AF700DF8A48 /* ViewController.swift in Sources */,
				F93E07AB2B3373F700DF8A48 /* APILoaderProtocol.swift in Sources */,
				F93E076A2B335AF700DF8A48 /* AppDelegate.swift in Sources */,
				F93E07A12B335CF200DF8A48 /* APIClient.swift in Sources */,
				F93E076C2B335AF700DF8A48 /* SceneDelegate.swift in Sources */,
				F93E07A72B336DC000DF8A48 /* APIRequestConfiguration.swift in Sources */,
			);
			runOnlyForDeploymentPostprocessing = 0;
		};
		F93E077B2B335AF800DF8A48 /* Sources */ = {
			isa = PBXSourcesBuildPhase;
			buildActionMask = 2147483647;
			files = (
				F93E07842B335AF800DF8A48 /* TMDBTests.swift in Sources */,
			);
			runOnlyForDeploymentPostprocessing = 0;
		};
		F93E07852B335AF800DF8A48 /* Sources */ = {
			isa = PBXSourcesBuildPhase;
			buildActionMask = 2147483647;
			files = (
				F93E078E2B335AF800DF8A48 /* TMDBUITests.swift in Sources */,
				F93E07902B335AF800DF8A48 /* TMDBUITestsLaunchTests.swift in Sources */,
			);
			runOnlyForDeploymentPostprocessing = 0;
		};
/* End PBXSourcesBuildPhase section */

/* Begin PBXTargetDependency section */
		F93E07812B335AF800DF8A48 /* PBXTargetDependency */ = {
			isa = PBXTargetDependency;
			target = F93E07652B335AF700DF8A48 /* TMDB */;
			targetProxy = F93E07802B335AF800DF8A48 /* PBXContainerItemProxy */;
		};
		F93E078B2B335AF800DF8A48 /* PBXTargetDependency */ = {
			isa = PBXTargetDependency;
			target = F93E07652B335AF700DF8A48 /* TMDB */;
			targetProxy = F93E078A2B335AF800DF8A48 /* PBXContainerItemProxy */;
		};
/* End PBXTargetDependency section */

/* Begin PBXVariantGroup section */
		F93E076F2B335AF700DF8A48 /* Main.storyboard */ = {
			isa = PBXVariantGroup;
			children = (
				F93E07702B335AF700DF8A48 /* Base */,
			);
			name = Main.storyboard;
			sourceTree = "<group>";
		};
		F93E07772B335AF800DF8A48 /* LaunchScreen.storyboard */ = {
			isa = PBXVariantGroup;
			children = (
				F93E07782B335AF800DF8A48 /* Base */,
			);
			name = LaunchScreen.storyboard;
			sourceTree = "<group>";
		};
/* End PBXVariantGroup section */

/* Begin XCBuildConfiguration section */
		F93E07912B335AF800DF8A48 /* Debug */ = {
			isa = XCBuildConfiguration;
			buildSettings = {
				ALWAYS_SEARCH_USER_PATHS = NO;
				ASSETCATALOG_COMPILER_GENERATE_SWIFT_ASSET_SYMBOL_EXTENSIONS = YES;
				CLANG_ANALYZER_NONNULL = YES;
				CLANG_ANALYZER_NUMBER_OBJECT_CONVERSION = YES_AGGRESSIVE;
				CLANG_CXX_LANGUAGE_STANDARD = "gnu++20";
				CLANG_ENABLE_MODULES = YES;
				CLANG_ENABLE_OBJC_ARC = YES;
				CLANG_ENABLE_OBJC_WEAK = YES;
				CLANG_WARN_BLOCK_CAPTURE_AUTORELEASING = YES;
				CLANG_WARN_BOOL_CONVERSION = YES;
				CLANG_WARN_COMMA = YES;
				CLANG_WARN_CONSTANT_CONVERSION = YES;
				CLANG_WARN_DEPRECATED_OBJC_IMPLEMENTATIONS = YES;
				CLANG_WARN_DIRECT_OBJC_ISA_USAGE = YES_ERROR;
				CLANG_WARN_DOCUMENTATION_COMMENTS = YES;
				CLANG_WARN_EMPTY_BODY = YES;
				CLANG_WARN_ENUM_CONVERSION = YES;
				CLANG_WARN_INFINITE_RECURSION = YES;
				CLANG_WARN_INT_CONVERSION = YES;
				CLANG_WARN_NON_LITERAL_NULL_CONVERSION = YES;
				CLANG_WARN_OBJC_IMPLICIT_RETAIN_SELF = YES;
				CLANG_WARN_OBJC_LITERAL_CONVERSION = YES;
				CLANG_WARN_OBJC_ROOT_CLASS = YES_ERROR;
				CLANG_WARN_QUOTED_INCLUDE_IN_FRAMEWORK_HEADER = YES;
				CLANG_WARN_RANGE_LOOP_ANALYSIS = YES;
				CLANG_WARN_STRICT_PROTOTYPES = YES;
				CLANG_WARN_SUSPICIOUS_MOVE = YES;
				CLANG_WARN_UNGUARDED_AVAILABILITY = YES_AGGRESSIVE;
				CLANG_WARN_UNREACHABLE_CODE = YES;
				CLANG_WARN__DUPLICATE_METHOD_MATCH = YES;
				COPY_PHASE_STRIP = NO;
				DEBUG_INFORMATION_FORMAT = dwarf;
				ENABLE_STRICT_OBJC_MSGSEND = YES;
				ENABLE_TESTABILITY = YES;
				ENABLE_USER_SCRIPT_SANDBOXING = YES;
				GCC_C_LANGUAGE_STANDARD = gnu17;
				GCC_DYNAMIC_NO_PIC = NO;
				GCC_NO_COMMON_BLOCKS = YES;
				GCC_OPTIMIZATION_LEVEL = 0;
				GCC_PREPROCESSOR_DEFINITIONS = (
					"DEBUG=1",
					"$(inherited)",
				);
				GCC_WARN_64_TO_32_BIT_CONVERSION = YES;
				GCC_WARN_ABOUT_RETURN_TYPE = YES_ERROR;
				GCC_WARN_UNDECLARED_SELECTOR = YES;
				GCC_WARN_UNINITIALIZED_AUTOS = YES_AGGRESSIVE;
				GCC_WARN_UNUSED_FUNCTION = YES;
				GCC_WARN_UNUSED_VARIABLE = YES;
				IPHONEOS_DEPLOYMENT_TARGET = 17.0;
				LOCALIZATION_PREFERS_STRING_CATALOGS = YES;
				MTL_ENABLE_DEBUG_INFO = INCLUDE_SOURCE;
				MTL_FAST_MATH = YES;
				ONLY_ACTIVE_ARCH = YES;
				SDKROOT = iphoneos;
				SWIFT_ACTIVE_COMPILATION_CONDITIONS = "DEBUG $(inherited)";
				SWIFT_OPTIMIZATION_LEVEL = "-Onone";
			};
			name = Debug;
		};
		F93E07922B335AF800DF8A48 /* Release */ = {
			isa = XCBuildConfiguration;
			buildSettings = {
				ALWAYS_SEARCH_USER_PATHS = NO;
				ASSETCATALOG_COMPILER_GENERATE_SWIFT_ASSET_SYMBOL_EXTENSIONS = YES;
				CLANG_ANALYZER_NONNULL = YES;
				CLANG_ANALYZER_NUMBER_OBJECT_CONVERSION = YES_AGGRESSIVE;
				CLANG_CXX_LANGUAGE_STANDARD = "gnu++20";
				CLANG_ENABLE_MODULES = YES;
				CLANG_ENABLE_OBJC_ARC = YES;
				CLANG_ENABLE_OBJC_WEAK = YES;
				CLANG_WARN_BLOCK_CAPTURE_AUTORELEASING = YES;
				CLANG_WARN_BOOL_CONVERSION = YES;
				CLANG_WARN_COMMA = YES;
				CLANG_WARN_CONSTANT_CONVERSION = YES;
				CLANG_WARN_DEPRECATED_OBJC_IMPLEMENTATIONS = YES;
				CLANG_WARN_DIRECT_OBJC_ISA_USAGE = YES_ERROR;
				CLANG_WARN_DOCUMENTATION_COMMENTS = YES;
				CLANG_WARN_EMPTY_BODY = YES;
				CLANG_WARN_ENUM_CONVERSION = YES;
				CLANG_WARN_INFINITE_RECURSION = YES;
				CLANG_WARN_INT_CONVERSION = YES;
				CLANG_WARN_NON_LITERAL_NULL_CONVERSION = YES;
				CLANG_WARN_OBJC_IMPLICIT_RETAIN_SELF = YES;
				CLANG_WARN_OBJC_LITERAL_CONVERSION = YES;
				CLANG_WARN_OBJC_ROOT_CLASS = YES_ERROR;
				CLANG_WARN_QUOTED_INCLUDE_IN_FRAMEWORK_HEADER = YES;
				CLANG_WARN_RANGE_LOOP_ANALYSIS = YES;
				CLANG_WARN_STRICT_PROTOTYPES = YES;
				CLANG_WARN_SUSPICIOUS_MOVE = YES;
				CLANG_WARN_UNGUARDED_AVAILABILITY = YES_AGGRESSIVE;
				CLANG_WARN_UNREACHABLE_CODE = YES;
				CLANG_WARN__DUPLICATE_METHOD_MATCH = YES;
				COPY_PHASE_STRIP = NO;
				DEBUG_INFORMATION_FORMAT = "dwarf-with-dsym";
				ENABLE_NS_ASSERTIONS = NO;
				ENABLE_STRICT_OBJC_MSGSEND = YES;
				ENABLE_USER_SCRIPT_SANDBOXING = YES;
				GCC_C_LANGUAGE_STANDARD = gnu17;
				GCC_NO_COMMON_BLOCKS = YES;
				GCC_WARN_64_TO_32_BIT_CONVERSION = YES;
				GCC_WARN_ABOUT_RETURN_TYPE = YES_ERROR;
				GCC_WARN_UNDECLARED_SELECTOR = YES;
				GCC_WARN_UNINITIALIZED_AUTOS = YES_AGGRESSIVE;
				GCC_WARN_UNUSED_FUNCTION = YES;
				GCC_WARN_UNUSED_VARIABLE = YES;
				IPHONEOS_DEPLOYMENT_TARGET = 17.0;
				LOCALIZATION_PREFERS_STRING_CATALOGS = YES;
				MTL_ENABLE_DEBUG_INFO = NO;
				MTL_FAST_MATH = YES;
				SDKROOT = iphoneos;
				SWIFT_COMPILATION_MODE = wholemodule;
				VALIDATE_PRODUCT = YES;
			};
			name = Release;
		};
		F93E07942B335AF800DF8A48 /* Debug */ = {
			isa = XCBuildConfiguration;
			buildSettings = {
				ASSETCATALOG_COMPILER_APPICON_NAME = AppIcon;
				ASSETCATALOG_COMPILER_GLOBAL_ACCENT_COLOR_NAME = AccentColor;
				CODE_SIGN_STYLE = Automatic;
				CURRENT_PROJECT_VERSION = 1;
				DEVELOPMENT_TEAM = YKSLKY2D83;
				GENERATE_INFOPLIST_FILE = YES;
				INFOPLIST_FILE = TMDB/Info.plist;
				INFOPLIST_KEY_UIApplicationSupportsIndirectInputEvents = YES;
				INFOPLIST_KEY_UILaunchStoryboardName = LaunchScreen;
				INFOPLIST_KEY_UIMainStoryboardFile = Main;
				INFOPLIST_KEY_UISupportedInterfaceOrientations_iPad = "UIInterfaceOrientationPortrait UIInterfaceOrientationPortraitUpsideDown UIInterfaceOrientationLandscapeLeft UIInterfaceOrientationLandscapeRight";
				INFOPLIST_KEY_UISupportedInterfaceOrientations_iPhone = "UIInterfaceOrientationPortrait UIInterfaceOrientationLandscapeLeft UIInterfaceOrientationLandscapeRight";
				LD_RUNPATH_SEARCH_PATHS = (
					"$(inherited)",
					"@executable_path/Frameworks",
				);
				MARKETING_VERSION = 1.0;
				PRODUCT_BUNDLE_IDENTIFIER = com.task.TMDB;
				PRODUCT_NAME = "$(TARGET_NAME)";
				SWIFT_EMIT_LOC_STRINGS = YES;
				SWIFT_VERSION = 5.0;
				TARGETED_DEVICE_FAMILY = "1,2";
			};
			name = Debug;
		};
		F93E07952B335AF800DF8A48 /* Release */ = {
			isa = XCBuildConfiguration;
			buildSettings = {
				ASSETCATALOG_COMPILER_APPICON_NAME = AppIcon;
				ASSETCATALOG_COMPILER_GLOBAL_ACCENT_COLOR_NAME = AccentColor;
				CODE_SIGN_STYLE = Automatic;
				CURRENT_PROJECT_VERSION = 1;
				DEVELOPMENT_TEAM = YKSLKY2D83;
				GENERATE_INFOPLIST_FILE = YES;
				INFOPLIST_FILE = TMDB/Info.plist;
				INFOPLIST_KEY_UIApplicationSupportsIndirectInputEvents = YES;
				INFOPLIST_KEY_UILaunchStoryboardName = LaunchScreen;
				INFOPLIST_KEY_UIMainStoryboardFile = Main;
				INFOPLIST_KEY_UISupportedInterfaceOrientations_iPad = "UIInterfaceOrientationPortrait UIInterfaceOrientationPortraitUpsideDown UIInterfaceOrientationLandscapeLeft UIInterfaceOrientationLandscapeRight";
				INFOPLIST_KEY_UISupportedInterfaceOrientations_iPhone = "UIInterfaceOrientationPortrait UIInterfaceOrientationLandscapeLeft UIInterfaceOrientationLandscapeRight";
				LD_RUNPATH_SEARCH_PATHS = (
					"$(inherited)",
					"@executable_path/Frameworks",
				);
				MARKETING_VERSION = 1.0;
				PRODUCT_BUNDLE_IDENTIFIER = com.task.TMDB;
				PRODUCT_NAME = "$(TARGET_NAME)";
				SWIFT_EMIT_LOC_STRINGS = YES;
				SWIFT_VERSION = 5.0;
				TARGETED_DEVICE_FAMILY = "1,2";
			};
			name = Release;
		};
		F93E07972B335AF800DF8A48 /* Debug */ = {
			isa = XCBuildConfiguration;
			buildSettings = {
				ALWAYS_EMBED_SWIFT_STANDARD_LIBRARIES = YES;
				BUNDLE_LOADER = "$(TEST_HOST)";
				CODE_SIGN_STYLE = Automatic;
				CURRENT_PROJECT_VERSION = 1;
				DEVELOPMENT_TEAM = YKSLKY2D83;
				GENERATE_INFOPLIST_FILE = YES;
				IPHONEOS_DEPLOYMENT_TARGET = 17.0;
				MARKETING_VERSION = 1.0;
				PRODUCT_BUNDLE_IDENTIFIER = com.task.TMDBTests;
				PRODUCT_NAME = "$(TARGET_NAME)";
				SWIFT_EMIT_LOC_STRINGS = NO;
				SWIFT_VERSION = 5.0;
				TARGETED_DEVICE_FAMILY = "1,2";
				TEST_HOST = "$(BUILT_PRODUCTS_DIR)/TMDB.app/$(BUNDLE_EXECUTABLE_FOLDER_PATH)/TMDB";
			};
			name = Debug;
		};
		F93E07982B335AF800DF8A48 /* Release */ = {
			isa = XCBuildConfiguration;
			buildSettings = {
				ALWAYS_EMBED_SWIFT_STANDARD_LIBRARIES = YES;
				BUNDLE_LOADER = "$(TEST_HOST)";
				CODE_SIGN_STYLE = Automatic;
				CURRENT_PROJECT_VERSION = 1;
				DEVELOPMENT_TEAM = YKSLKY2D83;
				GENERATE_INFOPLIST_FILE = YES;
				IPHONEOS_DEPLOYMENT_TARGET = 17.0;
				MARKETING_VERSION = 1.0;
				PRODUCT_BUNDLE_IDENTIFIER = com.task.TMDBTests;
				PRODUCT_NAME = "$(TARGET_NAME)";
				SWIFT_EMIT_LOC_STRINGS = NO;
				SWIFT_VERSION = 5.0;
				TARGETED_DEVICE_FAMILY = "1,2";
				TEST_HOST = "$(BUILT_PRODUCTS_DIR)/TMDB.app/$(BUNDLE_EXECUTABLE_FOLDER_PATH)/TMDB";
			};
			name = Release;
		};
		F93E079A2B335AF800DF8A48 /* Debug */ = {
			isa = XCBuildConfiguration;
			buildSettings = {
				ALWAYS_EMBED_SWIFT_STANDARD_LIBRARIES = YES;
				CODE_SIGN_STYLE = Automatic;
				CURRENT_PROJECT_VERSION = 1;
				DEVELOPMENT_TEAM = YKSLKY2D83;
				GENERATE_INFOPLIST_FILE = YES;
				MARKETING_VERSION = 1.0;
				PRODUCT_BUNDLE_IDENTIFIER = com.task.TMDBUITests;
				PRODUCT_NAME = "$(TARGET_NAME)";
				SWIFT_EMIT_LOC_STRINGS = NO;
				SWIFT_VERSION = 5.0;
				TARGETED_DEVICE_FAMILY = "1,2";
				TEST_TARGET_NAME = TMDB;
			};
			name = Debug;
		};
		F93E079B2B335AF800DF8A48 /* Release */ = {
			isa = XCBuildConfiguration;
			buildSettings = {
				ALWAYS_EMBED_SWIFT_STANDARD_LIBRARIES = YES;
				CODE_SIGN_STYLE = Automatic;
				CURRENT_PROJECT_VERSION = 1;
				DEVELOPMENT_TEAM = YKSLKY2D83;
				GENERATE_INFOPLIST_FILE = YES;
				MARKETING_VERSION = 1.0;
				PRODUCT_BUNDLE_IDENTIFIER = com.task.TMDBUITests;
				PRODUCT_NAME = "$(TARGET_NAME)";
				SWIFT_EMIT_LOC_STRINGS = NO;
				SWIFT_VERSION = 5.0;
				TARGETED_DEVICE_FAMILY = "1,2";
				TEST_TARGET_NAME = TMDB;
			};
			name = Release;
		};
/* End XCBuildConfiguration section */

/* Begin XCConfigurationList section */
		F93E07612B335AF700DF8A48 /* Build configuration list for PBXProject "TMDB" */ = {
			isa = XCConfigurationList;
			buildConfigurations = (
				F93E07912B335AF800DF8A48 /* Debug */,
				F93E07922B335AF800DF8A48 /* Release */,
			);
			defaultConfigurationIsVisible = 0;
			defaultConfigurationName = Release;
		};
		F93E07932B335AF800DF8A48 /* Build configuration list for PBXNativeTarget "TMDB" */ = {
			isa = XCConfigurationList;
			buildConfigurations = (
				F93E07942B335AF800DF8A48 /* Debug */,
				F93E07952B335AF800DF8A48 /* Release */,
			);
			defaultConfigurationIsVisible = 0;
			defaultConfigurationName = Release;
		};
		F93E07962B335AF800DF8A48 /* Build configuration list for PBXNativeTarget "TMDBTests" */ = {
			isa = XCConfigurationList;
			buildConfigurations = (
				F93E07972B335AF800DF8A48 /* Debug */,
				F93E07982B335AF800DF8A48 /* Release */,
			);
			defaultConfigurationIsVisible = 0;
			defaultConfigurationName = Release;
		};
		F93E07992B335AF800DF8A48 /* Build configuration list for PBXNativeTarget "TMDBUITests" */ = {
			isa = XCConfigurationList;
			buildConfigurations = (
				F93E079A2B335AF800DF8A48 /* Debug */,
				F93E079B2B335AF800DF8A48 /* Release */,
			);
			defaultConfigurationIsVisible = 0;
			defaultConfigurationName = Release;
		};
/* End XCConfigurationList section */

/* Begin XCRemoteSwiftPackageReference section */
		F93E079C2B335BD500DF8A48 /* XCRemoteSwiftPackageReference "Alamofire" */ = {
			isa = XCRemoteSwiftPackageReference;
			repositoryURL = "https://github.com/Alamofire/Alamofire.git";
			requirement = {
				kind = upToNextMajorVersion;
				minimumVersion = 5.8.1;
			};
		};
/* End XCRemoteSwiftPackageReference section */

/* Begin XCSwiftPackageProductDependency section */
		F93E079D2B335BD500DF8A48 /* Alamofire */ = {
			isa = XCSwiftPackageProductDependency;
			package = F93E079C2B335BD500DF8A48 /* XCRemoteSwiftPackageReference "Alamofire" */;
			productName = Alamofire;
		};
/* End XCSwiftPackageProductDependency section */

/* Begin XCVersionGroup section */
		F93E07722B335AF700DF8A48 /* TMDB.xcdatamodeld */ = {
			isa = XCVersionGroup;
			children = (
				F93E07732B335AF700DF8A48 /* TMDB.xcdatamodel */,
			);
			currentVersion = F93E07732B335AF700DF8A48 /* TMDB.xcdatamodel */;
			path = TMDB.xcdatamodeld;
			sourceTree = "<group>";
			versionGroupType = wrapper.xcdatamodel;
		};
/* End XCVersionGroup section */
	};
	rootObject = F93E075E2B335AF700DF8A48 /* Project object */;
}
