// !$*UTF8*$!
{
	archiveVersion = 1;
	classes = {
	};
	objectVersion = 56;
	objects = {

/* Begin PBXBuildFile section */
		F9010DFB2B366B2B0034B29F /* TMDB.xcdatamodeld in Sources */ = {isa = PBXBuildFile; fileRef = F9010DF92B366B2B0034B29F /* TMDB.xcdatamodeld */; };
		F907E0DC2B379393004F280C /* Constants.swift in Sources */ = {isa = PBXBuildFile; fileRef = F907E0DB2B379393004F280C /* Constants.swift */; };
		F907E0DE2B379658004F280C /* ImagePathBuilder.swift in Sources */ = {isa = PBXBuildFile; fileRef = F907E0DD2B379658004F280C /* ImagePathBuilder.swift */; };
		F907E0E12B37A168004F280C /* Array+Extensions.swift in Sources */ = {isa = PBXBuildFile; fileRef = F907E0E02B37A168004F280C /* Array+Extensions.swift */; };
		F907E0E52B37BD20004F280C /* UIViewController+Extension.swift in Sources */ = {isa = PBXBuildFile; fileRef = F907E0E42B37BD20004F280C /* UIViewController+Extension.swift */; };
		F907E0E92B3853D9004F280C /* Numeric+Extension.swift in Sources */ = {isa = PBXBuildFile; fileRef = F907E0E82B3853D9004F280C /* Numeric+Extension.swift */; };
		F93E076A2B335AF700DF8A48 /* AppDelegate.swift in Sources */ = {isa = PBXBuildFile; fileRef = F93E07692B335AF700DF8A48 /* AppDelegate.swift */; };
		F93E076C2B335AF700DF8A48 /* SceneDelegate.swift in Sources */ = {isa = PBXBuildFile; fileRef = F93E076B2B335AF700DF8A48 /* SceneDelegate.swift */; };
		F93E07762B335AF800DF8A48 /* Assets.xcassets in Resources */ = {isa = PBXBuildFile; fileRef = F93E07752B335AF800DF8A48 /* Assets.xcassets */; };
		F93E07792B335AF800DF8A48 /* LaunchScreen.storyboard in Resources */ = {isa = PBXBuildFile; fileRef = F93E07772B335AF800DF8A48 /* LaunchScreen.storyboard */; };
		F93E07842B335AF800DF8A48 /* MovieListInteractorTests.swift in Sources */ = {isa = PBXBuildFile; fileRef = F93E07832B335AF800DF8A48 /* MovieListInteractorTests.swift */; };
		F93E078E2B335AF800DF8A48 /* TMDBUITests.swift in Sources */ = {isa = PBXBuildFile; fileRef = F93E078D2B335AF800DF8A48 /* TMDBUITests.swift */; };
		F93E07902B335AF800DF8A48 /* TMDBUITestsLaunchTests.swift in Sources */ = {isa = PBXBuildFile; fileRef = F93E078F2B335AF800DF8A48 /* TMDBUITestsLaunchTests.swift */; };
		F94C0F6E2B38E90C009D891F /* APIError.swift in Sources */ = {isa = PBXBuildFile; fileRef = F94C0F6C2B38E90C009D891F /* APIError.swift */; };
		F94C0F6F2B38E90C009D891F /* TestDataBuilder.swift in Sources */ = {isa = PBXBuildFile; fileRef = F94C0F6D2B38E90C009D891F /* TestDataBuilder.swift */; };
		F94C0F712B38E91D009D891F /* MockDiscoverMoviesLoader.swift in Sources */ = {isa = PBXBuildFile; fileRef = F94C0F702B38E91D009D891F /* MockDiscoverMoviesLoader.swift */; };
		F94C33902B35D73500B95894 /* UIComponents.framework in Frameworks */ = {isa = PBXBuildFile; fileRef = F94C338F2B35D73500B95894 /* UIComponents.framework */; };
		F94C33912B35D73500B95894 /* UIComponents.framework in Embed Frameworks */ = {isa = PBXBuildFile; fileRef = F94C338F2B35D73500B95894 /* UIComponents.framework */; settings = {ATTRIBUTES = (CodeSignOnCopy, RemoveHeadersOnCopy, ); }; };
		F94C33AD2B35F34100B95894 /* MovieListPresenter.swift in Sources */ = {isa = PBXBuildFile; fileRef = F94C33A62B35F34100B95894 /* MovieListPresenter.swift */; };
		F94C33AE2B35F34100B95894 /* MovieListRouter.swift in Sources */ = {isa = PBXBuildFile; fileRef = F94C33A72B35F34100B95894 /* MovieListRouter.swift */; };
		F94C33AF2B35F34100B95894 /* MovieListViewController.swift in Sources */ = {isa = PBXBuildFile; fileRef = F94C33A82B35F34100B95894 /* MovieListViewController.swift */; };
		F94C33B02B35F34100B95894 /* MovieListInteractor.swift in Sources */ = {isa = PBXBuildFile; fileRef = F94C33A92B35F34100B95894 /* MovieListInteractor.swift */; };
		F94C33B12B35F34100B95894 /* MovieListConfigurator.swift in Sources */ = {isa = PBXBuildFile; fileRef = F94C33AA2B35F34100B95894 /* MovieListConfigurator.swift */; };
		F94C33B22B35F34100B95894 /* MovieListEntity.swift in Sources */ = {isa = PBXBuildFile; fileRef = F94C33AB2B35F34100B95894 /* MovieListEntity.swift */; };
		F94C33B32B35F34100B95894 /* MovieListViewController.xib in Resources */ = {isa = PBXBuildFile; fileRef = F94C33AC2B35F34100B95894 /* MovieListViewController.xib */; };
		F94C33BD2B36011B00B95894 /* MockMovieListView.swift in Sources */ = {isa = PBXBuildFile; fileRef = F94C33BC2B36011B00B95894 /* MockMovieListView.swift */; };
		F94C33BF2B36016600B95894 /* MockMovieListInteractor.swift in Sources */ = {isa = PBXBuildFile; fileRef = F94C33BE2B36016600B95894 /* MockMovieListInteractor.swift */; };
		F94C33C12B36019E00B95894 /* MockMovieListRouter.swift in Sources */ = {isa = PBXBuildFile; fileRef = F94C33C02B36019E00B95894 /* MockMovieListRouter.swift */; };
		F94C33C32B36026C00B95894 /* MovieListPresenterTests.swift in Sources */ = {isa = PBXBuildFile; fileRef = F94C33C22B36026C00B95894 /* MovieListPresenterTests.swift */; };
		F94C33C82B36065F00B95894 /* MockMovieListPresenter.swift in Sources */ = {isa = PBXBuildFile; fileRef = F94C33C72B36065F00B95894 /* MockMovieListPresenter.swift */; };
		F94D28402B385FFF00355321 /* UITextView+Extension.swift in Sources */ = {isa = PBXBuildFile; fileRef = F94D283F2B385FFF00355321 /* UITextView+Extension.swift */; };
		F9B7CE062B3660F900193441 /* MovieDetailsPresenter.swift in Sources */ = {isa = PBXBuildFile; fileRef = F9B7CDFF2B3660F900193441 /* MovieDetailsPresenter.swift */; };
		F9B7CE072B3660F900193441 /* MovieDetailsRouter.swift in Sources */ = {isa = PBXBuildFile; fileRef = F9B7CE002B3660F900193441 /* MovieDetailsRouter.swift */; };
		F9B7CE082B3660F900193441 /* MovieDetailsViewController.swift in Sources */ = {isa = PBXBuildFile; fileRef = F9B7CE012B3660F900193441 /* MovieDetailsViewController.swift */; };
		F9B7CE092B3660F900193441 /* MovieDetailsInteractor.swift in Sources */ = {isa = PBXBuildFile; fileRef = F9B7CE022B3660F900193441 /* MovieDetailsInteractor.swift */; };
		F9B7CE0A2B3660F900193441 /* MovieDetailsConfigurator.swift in Sources */ = {isa = PBXBuildFile; fileRef = F9B7CE032B3660F900193441 /* MovieDetailsConfigurator.swift */; };
		F9B7CE0B2B3660F900193441 /* MovieDetailsEntity.swift in Sources */ = {isa = PBXBuildFile; fileRef = F9B7CE042B3660F900193441 /* MovieDetailsEntity.swift */; };
		F9B7CE0C2B3660F900193441 /* MovieDetailsViewController.xib in Resources */ = {isa = PBXBuildFile; fileRef = F9B7CE052B3660F900193441 /* MovieDetailsViewController.xib */; };
		F9F910E72B3712A3001DD285 /* NetworkKit.framework in Frameworks */ = {isa = PBXBuildFile; fileRef = F9F910E62B3712A3001DD285 /* NetworkKit.framework */; };
		F9F910E82B3712A3001DD285 /* NetworkKit.framework in Embed Frameworks */ = {isa = PBXBuildFile; fileRef = F9F910E62B3712A3001DD285 /* NetworkKit.framework */; settings = {ATTRIBUTES = (CodeSignOnCopy, RemoveHeadersOnCopy, ); }; };
/* End PBXBuildFile section */

/* Begin PBXContainerItemProxy section */
		F93E07802B335AF800DF8A48 /* PBXContainerItemProxy */ = {
			isa = PBXContainerItemProxy;
			containerPortal = F93E075E2B335AF700DF8A48 /* Project object */;
			proxyType = 1;
			remoteGlobalIDString = F93E07652B335AF700DF8A48;
			remoteInfo = TMDB;
		};
		F93E078A2B335AF800DF8A48 /* PBXContainerItemProxy */ = {
			isa = PBXContainerItemProxy;
			containerPortal = F93E075E2B335AF700DF8A48 /* Project object */;
			proxyType = 1;
			remoteGlobalIDString = F93E07652B335AF700DF8A48;
			remoteInfo = TMDB;
		};
/* End PBXContainerItemProxy section */

/* Begin PBXCopyFilesBuildPhase section */
		F94C33922B35D73500B95894 /* Embed Frameworks */ = {
			isa = PBXCopyFilesBuildPhase;
			buildActionMask = 2147483647;
			dstPath = "";
			dstSubfolderSpec = 10;
			files = (
				F9F910E82B3712A3001DD285 /* NetworkKit.framework in Embed Frameworks */,
				F94C33912B35D73500B95894 /* UIComponents.framework in Embed Frameworks */,
			);
			name = "Embed Frameworks";
			runOnlyForDeploymentPostprocessing = 0;
		};
/* End PBXCopyFilesBuildPhase section */

/* Begin PBXFileReference section */
		F9010DFA2B366B2B0034B29F /* TMDB.xcdatamodel */ = {isa = PBXFileReference; lastKnownFileType = wrapper.xcdatamodel; path = TMDB.xcdatamodel; sourceTree = "<group>"; };
		F907E0DB2B379393004F280C /* Constants.swift */ = {isa = PBXFileReference; lastKnownFileType = sourcecode.swift; path = Constants.swift; sourceTree = "<group>"; };
		F907E0DD2B379658004F280C /* ImagePathBuilder.swift */ = {isa = PBXFileReference; lastKnownFileType = sourcecode.swift; path = ImagePathBuilder.swift; sourceTree = "<group>"; };
		F907E0E02B37A168004F280C /* Array+Extensions.swift */ = {isa = PBXFileReference; lastKnownFileType = sourcecode.swift; path = "Array+Extensions.swift"; sourceTree = "<group>"; };
		F907E0E42B37BD20004F280C /* UIViewController+Extension.swift */ = {isa = PBXFileReference; lastKnownFileType = sourcecode.swift; path = "UIViewController+Extension.swift"; sourceTree = "<group>"; };
		F907E0E82B3853D9004F280C /* Numeric+Extension.swift */ = {isa = PBXFileReference; lastKnownFileType = sourcecode.swift; path = "Numeric+Extension.swift"; sourceTree = "<group>"; };
		F93E07662B335AF700DF8A48 /* TMDB.app */ = {isa = PBXFileReference; explicitFileType = wrapper.application; includeInIndex = 0; path = TMDB.app; sourceTree = BUILT_PRODUCTS_DIR; };
		F93E07692B335AF700DF8A48 /* AppDelegate.swift */ = {isa = PBXFileReference; lastKnownFileType = sourcecode.swift; path = AppDelegate.swift; sourceTree = "<group>"; };
		F93E076B2B335AF700DF8A48 /* SceneDelegate.swift */ = {isa = PBXFileReference; lastKnownFileType = sourcecode.swift; path = SceneDelegate.swift; sourceTree = "<group>"; };
		F93E07752B335AF800DF8A48 /* Assets.xcassets */ = {isa = PBXFileReference; lastKnownFileType = folder.assetcatalog; path = Assets.xcassets; sourceTree = "<group>"; };
		F93E07782B335AF800DF8A48 /* Base */ = {isa = PBXFileReference; lastKnownFileType = file.storyboard; name = Base; path = Base.lproj/LaunchScreen.storyboard; sourceTree = "<group>"; };
		F93E077A2B335AF800DF8A48 /* Info.plist */ = {isa = PBXFileReference; lastKnownFileType = text.plist.xml; path = Info.plist; sourceTree = "<group>"; };
		F93E077F2B335AF800DF8A48 /* TMDBTests.xctest */ = {isa = PBXFileReference; explicitFileType = wrapper.cfbundle; includeInIndex = 0; path = TMDBTests.xctest; sourceTree = BUILT_PRODUCTS_DIR; };
		F93E07832B335AF800DF8A48 /* MovieListInteractorTests.swift */ = {isa = PBXFileReference; lastKnownFileType = sourcecode.swift; path = MovieListInteractorTests.swift; sourceTree = "<group>"; };
		F93E07892B335AF800DF8A48 /* TMDBUITests.xctest */ = {isa = PBXFileReference; explicitFileType = wrapper.cfbundle; includeInIndex = 0; path = TMDBUITests.xctest; sourceTree = BUILT_PRODUCTS_DIR; };
		F93E078D2B335AF800DF8A48 /* TMDBUITests.swift */ = {isa = PBXFileReference; lastKnownFileType = sourcecode.swift; path = TMDBUITests.swift; sourceTree = "<group>"; };
		F93E078F2B335AF800DF8A48 /* TMDBUITestsLaunchTests.swift */ = {isa = PBXFileReference; lastKnownFileType = sourcecode.swift; path = TMDBUITestsLaunchTests.swift; sourceTree = "<group>"; };
		F94C0F6C2B38E90C009D891F /* APIError.swift */ = {isa = PBXFileReference; fileEncoding = 4; lastKnownFileType = sourcecode.swift; path = APIError.swift; sourceTree = "<group>"; };
		F94C0F6D2B38E90C009D891F /* TestDataBuilder.swift */ = {isa = PBXFileReference; fileEncoding = 4; lastKnownFileType = sourcecode.swift; path = TestDataBuilder.swift; sourceTree = "<group>"; };
		F94C0F702B38E91D009D891F /* MockDiscoverMoviesLoader.swift */ = {isa = PBXFileReference; fileEncoding = 4; lastKnownFileType = sourcecode.swift; path = MockDiscoverMoviesLoader.swift; sourceTree = "<group>"; };
		F94C338F2B35D73500B95894 /* UIComponents.framework */ = {isa = PBXFileReference; explicitFileType = wrapper.framework; path = UIComponents.framework; sourceTree = BUILT_PRODUCTS_DIR; };
		F94C33A62B35F34100B95894 /* MovieListPresenter.swift */ = {isa = PBXFileReference; lastKnownFileType = sourcecode.swift; path = MovieListPresenter.swift; sourceTree = "<group>"; };
		F94C33A72B35F34100B95894 /* MovieListRouter.swift */ = {isa = PBXFileReference; lastKnownFileType = sourcecode.swift; path = MovieListRouter.swift; sourceTree = "<group>"; };
		F94C33A82B35F34100B95894 /* MovieListViewController.swift */ = {isa = PBXFileReference; lastKnownFileType = sourcecode.swift; path = MovieListViewController.swift; sourceTree = "<group>"; };
		F94C33A92B35F34100B95894 /* MovieListInteractor.swift */ = {isa = PBXFileReference; lastKnownFileType = sourcecode.swift; path = MovieListInteractor.swift; sourceTree = "<group>"; };
		F94C33AA2B35F34100B95894 /* MovieListConfigurator.swift */ = {isa = PBXFileReference; lastKnownFileType = sourcecode.swift; path = MovieListConfigurator.swift; sourceTree = "<group>"; };
		F94C33AB2B35F34100B95894 /* MovieListEntity.swift */ = {isa = PBXFileReference; lastKnownFileType = sourcecode.swift; path = MovieListEntity.swift; sourceTree = "<group>"; };
		F94C33AC2B35F34100B95894 /* MovieListViewController.xib */ = {isa = PBXFileReference; lastKnownFileType = file.xib; path = MovieListViewController.xib; sourceTree = "<group>"; };
		F94C33BC2B36011B00B95894 /* MockMovieListView.swift */ = {isa = PBXFileReference; lastKnownFileType = sourcecode.swift; path = MockMovieListView.swift; sourceTree = "<group>"; };
		F94C33BE2B36016600B95894 /* MockMovieListInteractor.swift */ = {isa = PBXFileReference; lastKnownFileType = sourcecode.swift; path = MockMovieListInteractor.swift; sourceTree = "<group>"; };
		F94C33C02B36019E00B95894 /* MockMovieListRouter.swift */ = {isa = PBXFileReference; lastKnownFileType = sourcecode.swift; path = MockMovieListRouter.swift; sourceTree = "<group>"; };
		F94C33C22B36026C00B95894 /* MovieListPresenterTests.swift */ = {isa = PBXFileReference; lastKnownFileType = sourcecode.swift; path = MovieListPresenterTests.swift; sourceTree = "<group>"; };
		F94C33C72B36065F00B95894 /* MockMovieListPresenter.swift */ = {isa = PBXFileReference; lastKnownFileType = sourcecode.swift; path = MockMovieListPresenter.swift; sourceTree = "<group>"; };
		F94D283F2B385FFF00355321 /* UITextView+Extension.swift */ = {isa = PBXFileReference; lastKnownFileType = sourcecode.swift; path = "UITextView+Extension.swift"; sourceTree = "<group>"; };
		F9B7CDFF2B3660F900193441 /* MovieDetailsPresenter.swift */ = {isa = PBXFileReference; lastKnownFileType = sourcecode.swift; path = MovieDetailsPresenter.swift; sourceTree = "<group>"; };
		F9B7CE002B3660F900193441 /* MovieDetailsRouter.swift */ = {isa = PBXFileReference; lastKnownFileType = sourcecode.swift; path = MovieDetailsRouter.swift; sourceTree = "<group>"; };
		F9B7CE012B3660F900193441 /* MovieDetailsViewController.swift */ = {isa = PBXFileReference; lastKnownFileType = sourcecode.swift; path = MovieDetailsViewController.swift; sourceTree = "<group>"; };
		F9B7CE022B3660F900193441 /* MovieDetailsInteractor.swift */ = {isa = PBXFileReference; lastKnownFileType = sourcecode.swift; path = MovieDetailsInteractor.swift; sourceTree = "<group>"; };
		F9B7CE032B3660F900193441 /* MovieDetailsConfigurator.swift */ = {isa = PBXFileReference; lastKnownFileType = sourcecode.swift; path = MovieDetailsConfigurator.swift; sourceTree = "<group>"; };
		F9B7CE042B3660F900193441 /* MovieDetailsEntity.swift */ = {isa = PBXFileReference; lastKnownFileType = sourcecode.swift; path = MovieDetailsEntity.swift; sourceTree = "<group>"; };
		F9B7CE052B3660F900193441 /* MovieDetailsViewController.xib */ = {isa = PBXFileReference; lastKnownFileType = file.xib; path = MovieDetailsViewController.xib; sourceTree = "<group>"; };
		F9F910E62B3712A3001DD285 /* NetworkKit.framework */ = {isa = PBXFileReference; explicitFileType = wrapper.framework; path = NetworkKit.framework; sourceTree = BUILT_PRODUCTS_DIR; };
/* End PBXFileReference section */

/* Begin PBXFrameworksBuildPhase section */
		F93E07632B335AF700DF8A48 /* Frameworks */ = {
			isa = PBXFrameworksBuildPhase;
			buildActionMask = 2147483647;
			files = (
				F9F910E72B3712A3001DD285 /* NetworkKit.framework in Frameworks */,
				F94C33902B35D73500B95894 /* UIComponents.framework in Frameworks */,
			);
			runOnlyForDeploymentPostprocessing = 0;
		};
		F93E077C2B335AF800DF8A48 /* Frameworks */ = {
			isa = PBXFrameworksBuildPhase;
			buildActionMask = 2147483647;
			files = (
			);
			runOnlyForDeploymentPostprocessing = 0;
		};
		F93E07862B335AF800DF8A48 /* Frameworks */ = {
			isa = PBXFrameworksBuildPhase;
			buildActionMask = 2147483647;
			files = (
			);
			runOnlyForDeploymentPostprocessing = 0;
		};
/* End PBXFrameworksBuildPhase section */

/* Begin PBXGroup section */
		F907E0DA2B37937A004F280C /* Utilities */ = {
			isa = PBXGroup;
			children = (
				F907E0DB2B379393004F280C /* Constants.swift */,
				F907E0DD2B379658004F280C /* ImagePathBuilder.swift */,
			);
			path = Utilities;
			sourceTree = "<group>";
		};
		F907E0DF2B37A15A004F280C /* Extensions */ = {
			isa = PBXGroup;
			children = (
				F907E0E02B37A168004F280C /* Array+Extensions.swift */,
				F907E0E42B37BD20004F280C /* UIViewController+Extension.swift */,
				F907E0E82B3853D9004F280C /* Numeric+Extension.swift */,
				F94D283F2B385FFF00355321 /* UITextView+Extension.swift */,
			);
			path = Extensions;
			sourceTree = "<group>";
		};
		F908057C2B3481BC007E5D6B /* Base */ = {
			isa = PBXGroup;
			children = (
			);
			path = Base;
			sourceTree = "<group>";
		};
		F93E075D2B335AF700DF8A48 = {
			isa = PBXGroup;
			children = (
				F93E07682B335AF700DF8A48 /* TMDB */,
				F93E07822B335AF800DF8A48 /* TMDBTests */,
				F93E078C2B335AF800DF8A48 /* TMDBUITests */,
				F93E07672B335AF700DF8A48 /* Products */,
				F9D416162B347BDB00317088 /* Frameworks */,
			);
			sourceTree = "<group>";
		};
		F93E07672B335AF700DF8A48 /* Products */ = {
			isa = PBXGroup;
			children = (
				F93E07662B335AF700DF8A48 /* TMDB.app */,
				F93E077F2B335AF800DF8A48 /* TMDBTests.xctest */,
				F93E07892B335AF800DF8A48 /* TMDBUITests.xctest */,
			);
			name = Products;
			sourceTree = "<group>";
		};
		F93E07682B335AF700DF8A48 /* TMDB */ = {
			isa = PBXGroup;
			children = (
				F93E07692B335AF700DF8A48 /* AppDelegate.swift */,
				F93E076B2B335AF700DF8A48 /* SceneDelegate.swift */,
				F94C33A42B35F30300B95894 /* Scenes */,
				F908057C2B3481BC007E5D6B /* Base */,
				F907E0DA2B37937A004F280C /* Utilities */,
				F907E0DF2B37A15A004F280C /* Extensions */,
				F93E07752B335AF800DF8A48 /* Assets.xcassets */,
				F93E07772B335AF800DF8A48 /* LaunchScreen.storyboard */,
				F93E077A2B335AF800DF8A48 /* Info.plist */,
				F9010DF92B366B2B0034B29F /* TMDB.xcdatamodeld */,
			);
			path = TMDB;
			sourceTree = "<group>";
		};
		F93E07822B335AF800DF8A48 /* TMDBTests */ = {
			isa = PBXGroup;
			children = (
				F94C33B92B3600E100B95894 /* UnitTssts */,
			);
			path = TMDBTests;
			sourceTree = "<group>";
		};
		F93E078C2B335AF800DF8A48 /* TMDBUITests */ = {
			isa = PBXGroup;
			children = (
				F93E078D2B335AF800DF8A48 /* TMDBUITests.swift */,
				F93E078F2B335AF800DF8A48 /* TMDBUITestsLaunchTests.swift */,
			);
			path = TMDBUITests;
			sourceTree = "<group>";
		};
		F94C0F6B2B38E90C009D891F /* Utilities */ = {
			isa = PBXGroup;
			children = (
				F94C0F6C2B38E90C009D891F /* APIError.swift */,
				F94C0F6D2B38E90C009D891F /* TestDataBuilder.swift */,
			);
			path = Utilities;
			sourceTree = "<group>";
		};
		F94C33A42B35F30300B95894 /* Scenes */ = {
			isa = PBXGroup;
			children = (
				F94C33A52B35F30800B95894 /* MovieList */,
				F9B7CDFE2B3660DF00193441 /* MovieDetails */,
			);
			path = Scenes;
			sourceTree = "<group>";
		};
		F94C33A52B35F30800B95894 /* MovieList */ = {
			isa = PBXGroup;
			children = (
				F94C33B62B35FB2D00B95894 /* View */,
				F94C33B72B35FB3200B95894 /* Interactor */,
				F94C33B42B35FB1F00B95894 /* Presenter */,
				F94C33B82B35FB4200B95894 /* Entity */,
				F94C33B52B35FB2600B95894 /* Router */,
				F94C33AA2B35F34100B95894 /* MovieListConfigurator.swift */,
			);
			path = MovieList;
			sourceTree = "<group>";
		};
		F94C33B42B35FB1F00B95894 /* Presenter */ = {
			isa = PBXGroup;
			children = (
				F94C33A62B35F34100B95894 /* MovieListPresenter.swift */,
			);
			path = Presenter;
			sourceTree = "<group>";
		};
		F94C33B52B35FB2600B95894 /* Router */ = {
			isa = PBXGroup;
			children = (
				F94C33A72B35F34100B95894 /* MovieListRouter.swift */,
			);
			path = Router;
			sourceTree = "<group>";
		};
		F94C33B62B35FB2D00B95894 /* View */ = {
			isa = PBXGroup;
			children = (
				F94C33A82B35F34100B95894 /* MovieListViewController.swift */,
				F94C33AC2B35F34100B95894 /* MovieListViewController.xib */,
			);
			path = View;
			sourceTree = "<group>";
		};
		F94C33B72B35FB3200B95894 /* Interactor */ = {
			isa = PBXGroup;
			children = (
				F94C33A92B35F34100B95894 /* MovieListInteractor.swift */,
			);
			path = Interactor;
			sourceTree = "<group>";
		};
		F94C33B82B35FB4200B95894 /* Entity */ = {
			isa = PBXGroup;
			children = (
				F94C33AB2B35F34100B95894 /* MovieListEntity.swift */,
			);
			path = Entity;
			sourceTree = "<group>";
		};
		F94C33B92B3600E100B95894 /* UnitTssts */ = {
			isa = PBXGroup;
			children = (
				F94C33BA2B3600EE00B95894 /* MovieList */,
			);
			path = UnitTssts;
			sourceTree = "<group>";
		};
		F94C33BA2B3600EE00B95894 /* MovieList */ = {
			isa = PBXGroup;
			children = (
				F94C33BB2B3600FD00B95894 /* Mocks */,
				F93E07832B335AF800DF8A48 /* MovieListInteractorTests.swift */,
				F94C33C22B36026C00B95894 /* MovieListPresenterTests.swift */,
				F94C0F6B2B38E90C009D891F /* Utilities */,
			);
			path = MovieList;
			sourceTree = "<group>";
		};
		F94C33BB2B3600FD00B95894 /* Mocks */ = {
			isa = PBXGroup;
			children = (
				F94C33BC2B36011B00B95894 /* MockMovieListView.swift */,
				F94C33BE2B36016600B95894 /* MockMovieListInteractor.swift */,
				F94C33C02B36019E00B95894 /* MockMovieListRouter.swift */,
				F94C33C72B36065F00B95894 /* MockMovieListPresenter.swift */,
				F94C0F702B38E91D009D891F /* MockDiscoverMoviesLoader.swift */,
			);
			path = Mocks;
			sourceTree = "<group>";
		};
		F9B7CDFE2B3660DF00193441 /* MovieDetails */ = {
			isa = PBXGroup;
			children = (
				F9B7CE0D2B36613F00193441 /* View */,
				F9B7CE0F2B36615100193441 /* Presenter */,
				F9B7CE102B36615800193441 /* Interactor */,
				F9B7CE112B36615F00193441 /* Entity */,
				F9B7CE0E2B36614B00193441 /* Router */,
				F9B7CE032B3660F900193441 /* MovieDetailsConfigurator.swift */,
			);
			path = MovieDetails;
			sourceTree = "<group>";
		};
		F9B7CE0D2B36613F00193441 /* View */ = {
			isa = PBXGroup;
			children = (
				F9B7CE012B3660F900193441 /* MovieDetailsViewController.swift */,
				F9B7CE052B3660F900193441 /* MovieDetailsViewController.xib */,
			);
			path = View;
			sourceTree = "<group>";
		};
		F9B7CE0E2B36614B00193441 /* Router */ = {
			isa = PBXGroup;
			children = (
				F9B7CE002B3660F900193441 /* MovieDetailsRouter.swift */,
			);
			path = Router;
			sourceTree = "<group>";
		};
		F9B7CE0F2B36615100193441 /* Presenter */ = {
			isa = PBXGroup;
			children = (
				F9B7CDFF2B3660F900193441 /* MovieDetailsPresenter.swift */,
			);
			path = Presenter;
			sourceTree = "<group>";
		};
		F9B7CE102B36615800193441 /* Interactor */ = {
			isa = PBXGroup;
			children = (
				F9B7CE022B3660F900193441 /* MovieDetailsInteractor.swift */,
			);
			path = Interactor;
			sourceTree = "<group>";
		};
		F9B7CE112B36615F00193441 /* Entity */ = {
			isa = PBXGroup;
			children = (
				F9B7CE042B3660F900193441 /* MovieDetailsEntity.swift */,
			);
			path = Entity;
			sourceTree = "<group>";
		};
		F9D416162B347BDB00317088 /* Frameworks */ = {
			isa = PBXGroup;
			children = (
				F9F910E62B3712A3001DD285 /* NetworkKit.framework */,
				F94C338F2B35D73500B95894 /* UIComponents.framework */,
			);
			name = Frameworks;
			sourceTree = "<group>";
		};
/* End PBXGroup section */

/* Begin PBXNativeTarget section */
		F93E07652B335AF700DF8A48 /* TMDB */ = {
			isa = PBXNativeTarget;
			buildConfigurationList = F93E07932B335AF800DF8A48 /* Build configuration list for PBXNativeTarget "TMDB" */;
			buildPhases = (
				F93E07622B335AF700DF8A48 /* Sources */,
				F93E07632B335AF700DF8A48 /* Frameworks */,
				F93E07642B335AF700DF8A48 /* Resources */,
				F94C33922B35D73500B95894 /* Embed Frameworks */,
			);
			buildRules = (
			);
			dependencies = (
			);
			name = TMDB;
			packageProductDependencies = (
			);
			productName = TMDB;
			productReference = F93E07662B335AF700DF8A48 /* TMDB.app */;
			productType = "com.apple.product-type.application";
		};
		F93E077E2B335AF800DF8A48 /* TMDBTests */ = {
			isa = PBXNativeTarget;
			buildConfigurationList = F93E07962B335AF800DF8A48 /* Build configuration list for PBXNativeTarget "TMDBTests" */;
			buildPhases = (
				F93E077B2B335AF800DF8A48 /* Sources */,
				F93E077C2B335AF800DF8A48 /* Frameworks */,
				F93E077D2B335AF800DF8A48 /* Resources */,
			);
			buildRules = (
			);
			dependencies = (
				F93E07812B335AF800DF8A48 /* PBXTargetDependency */,
			);
			name = TMDBTests;
			productName = TMDBTests;
			productReference = F93E077F2B335AF800DF8A48 /* TMDBTests.xctest */;
			productType = "com.apple.product-type.bundle.unit-test";
		};
		F93E07882B335AF800DF8A48 /* TMDBUITests */ = {
			isa = PBXNativeTarget;
			buildConfigurationList = F93E07992B335AF800DF8A48 /* Build configuration list for PBXNativeTarget "TMDBUITests" */;
			buildPhases = (
				F93E07852B335AF800DF8A48 /* Sources */,
				F93E07862B335AF800DF8A48 /* Frameworks */,
				F93E07872B335AF800DF8A48 /* Resources */,
			);
			buildRules = (
			);
			dependencies = (
				F93E078B2B335AF800DF8A48 /* PBXTargetDependency */,
			);
			name = TMDBUITests;
			productName = TMDBUITests;
			productReference = F93E07892B335AF800DF8A48 /* TMDBUITests.xctest */;
			productType = "com.apple.product-type.bundle.ui-testing";
		};
/* End PBXNativeTarget section */

/* Begin PBXProject section */
		F93E075E2B335AF700DF8A48 /* Project object */ = {
			isa = PBXProject;
			attributes = {
				BuildIndependentTargetsInParallel = 1;
				LastSwiftUpdateCheck = 1500;
				LastUpgradeCheck = 1500;
				TargetAttributes = {
					F93E07652B335AF700DF8A48 = {
						CreatedOnToolsVersion = 15.0;
					};
					F93E077E2B335AF800DF8A48 = {
						CreatedOnToolsVersion = 15.0;
						TestTargetID = F93E07652B335AF700DF8A48;
					};
					F93E07882B335AF800DF8A48 = {
						CreatedOnToolsVersion = 15.0;
						TestTargetID = F93E07652B335AF700DF8A48;
					};
				};
			};
			buildConfigurationList = F93E07612B335AF700DF8A48 /* Build configuration list for PBXProject "TMDB" */;
			compatibilityVersion = "Xcode 14.0";
			developmentRegion = en;
			hasScannedForEncodings = 0;
			knownRegions = (
				en,
				Base,
			);
			mainGroup = F93E075D2B335AF700DF8A48;
			packageReferences = (
			);
			productRefGroup = F93E07672B335AF700DF8A48 /* Products */;
			projectDirPath = "";
			projectRoot = "";
			targets = (
				F93E07652B335AF700DF8A48 /* TMDB */,
				F93E077E2B335AF800DF8A48 /* TMDBTests */,
				F93E07882B335AF800DF8A48 /* TMDBUITests */,
			);
		};
/* End PBXProject section */

/* Begin PBXResourcesBuildPhase section */
		F93E07642B335AF700DF8A48 /* Resources */ = {
			isa = PBXResourcesBuildPhase;
			buildActionMask = 2147483647;
			files = (
				F9B7CE0C2B3660F900193441 /* MovieDetailsViewController.xib in Resources */,
				F93E07792B335AF800DF8A48 /* LaunchScreen.storyboard in Resources */,
				F93E07762B335AF800DF8A48 /* Assets.xcassets in Resources */,
				F94C33B32B35F34100B95894 /* MovieListViewController.xib in Resources */,
			);
			runOnlyForDeploymentPostprocessing = 0;
		};
		F93E077D2B335AF800DF8A48 /* Resources */ = {
			isa = PBXResourcesBuildPhase;
			buildActionMask = 2147483647;
			files = (
			);
			runOnlyForDeploymentPostprocessing = 0;
		};
		F93E07872B335AF800DF8A48 /* Resources */ = {
			isa = PBXResourcesBuildPhase;
			buildActionMask = 2147483647;
			files = (
			);
			runOnlyForDeploymentPostprocessing = 0;
		};
/* End PBXResourcesBuildPhase section */

/* Begin PBXSourcesBuildPhase section */
		F93E07622B335AF700DF8A48 /* Sources */ = {
			isa = PBXSourcesBuildPhase;
			buildActionMask = 2147483647;
			files = (
				F9010DFB2B366B2B0034B29F /* TMDB.xcdatamodeld in Sources */,
				F907E0E12B37A168004F280C /* Array+Extensions.swift in Sources */,
				F94C33AE2B35F34100B95894 /* MovieListRouter.swift in Sources */,
				F9B7CE082B3660F900193441 /* MovieDetailsViewController.swift in Sources */,
				F94C33B02B35F34100B95894 /* MovieListInteractor.swift in Sources */,
				F93E076A2B335AF700DF8A48 /* AppDelegate.swift in Sources */,
				F9B7CE0B2B3660F900193441 /* MovieDetailsEntity.swift in Sources */,
				F94C33AF2B35F34100B95894 /* MovieListViewController.swift in Sources */,
				F907E0E52B37BD20004F280C /* UIViewController+Extension.swift in Sources */,
				F907E0DC2B379393004F280C /* Constants.swift in Sources */,
				F93E076C2B335AF700DF8A48 /* SceneDelegate.swift in Sources */,
				F907E0E92B3853D9004F280C /* Numeric+Extension.swift in Sources */,
				F9B7CE092B3660F900193441 /* MovieDetailsInteractor.swift in Sources */,
				F9B7CE0A2B3660F900193441 /* MovieDetailsConfigurator.swift in Sources */,
				F94D28402B385FFF00355321 /* UITextView+Extension.swift in Sources */,
				F907E0DE2B379658004F280C /* ImagePathBuilder.swift in Sources */,
				F9B7CE062B3660F900193441 /* MovieDetailsPresenter.swift in Sources */,
				F94C33AD2B35F34100B95894 /* MovieListPresenter.swift in Sources */,
				F94C33B12B35F34100B95894 /* MovieListConfigurator.swift in Sources */,
				F9B7CE072B3660F900193441 /* MovieDetailsRouter.swift in Sources */,
				F94C33B22B35F34100B95894 /* MovieListEntity.swift in Sources */,
			);
			runOnlyForDeploymentPostprocessing = 0;
		};
		F93E077B2B335AF800DF8A48 /* Sources */ = {
			isa = PBXSourcesBuildPhase;
			buildActionMask = 2147483647;
			files = (
				F94C33BF2B36016600B95894 /* MockMovieListInteractor.swift in Sources */,
				F94C0F6F2B38E90C009D891F /* TestDataBuilder.swift in Sources */,
				F93E07842B335AF800DF8A48 /* MovieListInteractorTests.swift in Sources */,
				F94C33C82B36065F00B95894 /* MockMovieListPresenter.swift in Sources */,
				F94C33C32B36026C00B95894 /* MovieListPresenterTests.swift in Sources */,
				F94C33BD2B36011B00B95894 /* MockMovieListView.swift in Sources */,
				F94C33C12B36019E00B95894 /* MockMovieListRouter.swift in Sources */,
				F94C0F712B38E91D009D891F /* MockDiscoverMoviesLoader.swift in Sources */,
				F94C0F6E2B38E90C009D891F /* APIError.swift in Sources */,
			);
			runOnlyForDeploymentPostprocessing = 0;
		};
		F93E07852B335AF800DF8A48 /* Sources */ = {
			isa = PBXSourcesBuildPhase;
			buildActionMask = 2147483647;
			files = (
				F93E078E2B335AF800DF8A48 /* TMDBUITests.swift in Sources */,
				F93E07902B335AF800DF8A48 /* TMDBUITestsLaunchTests.swift in Sources */,
			);
			runOnlyForDeploymentPostprocessing = 0;
		};
/* End PBXSourcesBuildPhase section */

/* Begin PBXTargetDependency section */
		F93E07812B335AF800DF8A48 /* PBXTargetDependency */ = {
			isa = PBXTargetDependency;
			target = F93E07652B335AF700DF8A48 /* TMDB */;
			targetProxy = F93E07802B335AF800DF8A48 /* PBXContainerItemProxy */;
		};
		F93E078B2B335AF800DF8A48 /* PBXTargetDependency */ = {
			isa = PBXTargetDependency;
			target = F93E07652B335AF700DF8A48 /* TMDB */;
			targetProxy = F93E078A2B335AF800DF8A48 /* PBXContainerItemProxy */;
		};
/* End PBXTargetDependency section */

/* Begin PBXVariantGroup section */
		F93E07772B335AF800DF8A48 /* LaunchScreen.storyboard */ = {
			isa = PBXVariantGroup;
			children = (
				F93E07782B335AF800DF8A48 /* Base */,
			);
			name = LaunchScreen.storyboard;
			sourceTree = "<group>";
		};
/* End PBXVariantGroup section */

/* Begin XCBuildConfiguration section */
		F93E07912B335AF800DF8A48 /* Debug */ = {
			isa = XCBuildConfiguration;
			buildSettings = {
				ALWAYS_SEARCH_USER_PATHS = NO;
				ASSETCATALOG_COMPILER_GENERATE_SWIFT_ASSET_SYMBOL_EXTENSIONS = YES;
				CLANG_ANALYZER_NONNULL = YES;
				CLANG_ANALYZER_NUMBER_OBJECT_CONVERSION = YES_AGGRESSIVE;
				CLANG_CXX_LANGUAGE_STANDARD = "gnu++20";
				CLANG_ENABLE_MODULES = YES;
				CLANG_ENABLE_OBJC_ARC = YES;
				CLANG_ENABLE_OBJC_WEAK = YES;
				CLANG_WARN_BLOCK_CAPTURE_AUTORELEASING = YES;
				CLANG_WARN_BOOL_CONVERSION = YES;
				CLANG_WARN_COMMA = YES;
				CLANG_WARN_CONSTANT_CONVERSION = YES;
				CLANG_WARN_DEPRECATED_OBJC_IMPLEMENTATIONS = YES;
				CLANG_WARN_DIRECT_OBJC_ISA_USAGE = YES_ERROR;
				CLANG_WARN_DOCUMENTATION_COMMENTS = YES;
				CLANG_WARN_EMPTY_BODY = YES;
				CLANG_WARN_ENUM_CONVERSION = YES;
				CLANG_WARN_INFINITE_RECURSION = YES;
				CLANG_WARN_INT_CONVERSION = YES;
				CLANG_WARN_NON_LITERAL_NULL_CONVERSION = YES;
				CLANG_WARN_OBJC_IMPLICIT_RETAIN_SELF = YES;
				CLANG_WARN_OBJC_LITERAL_CONVERSION = YES;
				CLANG_WARN_OBJC_ROOT_CLASS = YES_ERROR;
				CLANG_WARN_QUOTED_INCLUDE_IN_FRAMEWORK_HEADER = YES;
				CLANG_WARN_RANGE_LOOP_ANALYSIS = YES;
				CLANG_WARN_STRICT_PROTOTYPES = YES;
				CLANG_WARN_SUSPICIOUS_MOVE = YES;
				CLANG_WARN_UNGUARDED_AVAILABILITY = YES_AGGRESSIVE;
				CLANG_WARN_UNREACHABLE_CODE = YES;
				CLANG_WARN__DUPLICATE_METHOD_MATCH = YES;
				COPY_PHASE_STRIP = NO;
				DEBUG_INFORMATION_FORMAT = dwarf;
				ENABLE_STRICT_OBJC_MSGSEND = YES;
				ENABLE_TESTABILITY = YES;
				ENABLE_USER_SCRIPT_SANDBOXING = YES;
				GCC_C_LANGUAGE_STANDARD = gnu17;
				GCC_DYNAMIC_NO_PIC = NO;
				GCC_NO_COMMON_BLOCKS = YES;
				GCC_OPTIMIZATION_LEVEL = 0;
				GCC_PREPROCESSOR_DEFINITIONS = (
					"DEBUG=1",
					"$(inherited)",
				);
				GCC_WARN_64_TO_32_BIT_CONVERSION = YES;
				GCC_WARN_ABOUT_RETURN_TYPE = YES_ERROR;
				GCC_WARN_UNDECLARED_SELECTOR = YES;
				GCC_WARN_UNINITIALIZED_AUTOS = YES_AGGRESSIVE;
				GCC_WARN_UNUSED_FUNCTION = YES;
				GCC_WARN_UNUSED_VARIABLE = YES;
				IPHONEOS_DEPLOYMENT_TARGET = 17.0;
				LOCALIZATION_PREFERS_STRING_CATALOGS = YES;
				MTL_ENABLE_DEBUG_INFO = INCLUDE_SOURCE;
				MTL_FAST_MATH = YES;
				ONLY_ACTIVE_ARCH = YES;
				SDKROOT = iphoneos;
				SWIFT_ACTIVE_COMPILATION_CONDITIONS = "DEBUG $(inherited)";
				SWIFT_OPTIMIZATION_LEVEL = "-Onone";
			};
			name = Debug;
		};
		F93E07922B335AF800DF8A48 /* Release */ = {
			isa = XCBuildConfiguration;
			buildSettings = {
				ALWAYS_SEARCH_USER_PATHS = NO;
				ASSETCATALOG_COMPILER_GENERATE_SWIFT_ASSET_SYMBOL_EXTENSIONS = YES;
				CLANG_ANALYZER_NONNULL = YES;
				CLANG_ANALYZER_NUMBER_OBJECT_CONVERSION = YES_AGGRESSIVE;
				CLANG_CXX_LANGUAGE_STANDARD = "gnu++20";
				CLANG_ENABLE_MODULES = YES;
				CLANG_ENABLE_OBJC_ARC = YES;
				CLANG_ENABLE_OBJC_WEAK = YES;
				CLANG_WARN_BLOCK_CAPTURE_AUTORELEASING = YES;
				CLANG_WARN_BOOL_CONVERSION = YES;
				CLANG_WARN_COMMA = YES;
				CLANG_WARN_CONSTANT_CONVERSION = YES;
				CLANG_WARN_DEPRECATED_OBJC_IMPLEMENTATIONS = YES;
				CLANG_WARN_DIRECT_OBJC_ISA_USAGE = YES_ERROR;
				CLANG_WARN_DOCUMENTATION_COMMENTS = YES;
				CLANG_WARN_EMPTY_BODY = YES;
				CLANG_WARN_ENUM_CONVERSION = YES;
				CLANG_WARN_INFINITE_RECURSION = YES;
				CLANG_WARN_INT_CONVERSION = YES;
				CLANG_WARN_NON_LITERAL_NULL_CONVERSION = YES;
				CLANG_WARN_OBJC_IMPLICIT_RETAIN_SELF = YES;
				CLANG_WARN_OBJC_LITERAL_CONVERSION = YES;
				CLANG_WARN_OBJC_ROOT_CLASS = YES_ERROR;
				CLANG_WARN_QUOTED_INCLUDE_IN_FRAMEWORK_HEADER = YES;
				CLANG_WARN_RANGE_LOOP_ANALYSIS = YES;
				CLANG_WARN_STRICT_PROTOTYPES = YES;
				CLANG_WARN_SUSPICIOUS_MOVE = YES;
				CLANG_WARN_UNGUARDED_AVAILABILITY = YES_AGGRESSIVE;
				CLANG_WARN_UNREACHABLE_CODE = YES;
				CLANG_WARN__DUPLICATE_METHOD_MATCH = YES;
				COPY_PHASE_STRIP = NO;
				DEBUG_INFORMATION_FORMAT = "dwarf-with-dsym";
				ENABLE_NS_ASSERTIONS = NO;
				ENABLE_STRICT_OBJC_MSGSEND = YES;
				ENABLE_USER_SCRIPT_SANDBOXING = YES;
				GCC_C_LANGUAGE_STANDARD = gnu17;
				GCC_NO_COMMON_BLOCKS = YES;
				GCC_WARN_64_TO_32_BIT_CONVERSION = YES;
				GCC_WARN_ABOUT_RETURN_TYPE = YES_ERROR;
				GCC_WARN_UNDECLARED_SELECTOR = YES;
				GCC_WARN_UNINITIALIZED_AUTOS = YES_AGGRESSIVE;
				GCC_WARN_UNUSED_FUNCTION = YES;
				GCC_WARN_UNUSED_VARIABLE = YES;
				IPHONEOS_DEPLOYMENT_TARGET = 17.0;
				LOCALIZATION_PREFERS_STRING_CATALOGS = YES;
				MTL_ENABLE_DEBUG_INFO = NO;
				MTL_FAST_MATH = YES;
				SDKROOT = iphoneos;
				SWIFT_COMPILATION_MODE = wholemodule;
				VALIDATE_PRODUCT = YES;
			};
			name = Release;
		};
		F93E07942B335AF800DF8A48 /* Debug */ = {
			isa = XCBuildConfiguration;
			buildSettings = {
				ASSETCATALOG_COMPILER_APPICON_NAME = AppIcon;
				ASSETCATALOG_COMPILER_GLOBAL_ACCENT_COLOR_NAME = AccentColor;
				CODE_SIGN_STYLE = Automatic;
				CURRENT_PROJECT_VERSION = 1;
				DEVELOPMENT_TEAM = YKSLKY2D83;
				GENERATE_INFOPLIST_FILE = YES;
				INFOPLIST_FILE = TMDB/Info.plist;
				INFOPLIST_KEY_UIApplicationSupportsIndirectInputEvents = YES;
				INFOPLIST_KEY_UILaunchStoryboardName = LaunchScreen;
				INFOPLIST_KEY_UISupportedInterfaceOrientations_iPad = "UIInterfaceOrientationPortrait UIInterfaceOrientationPortraitUpsideDown UIInterfaceOrientationLandscapeLeft UIInterfaceOrientationLandscapeRight";
				INFOPLIST_KEY_UISupportedInterfaceOrientations_iPhone = "UIInterfaceOrientationPortrait UIInterfaceOrientationLandscapeLeft UIInterfaceOrientationLandscapeRight";
				LD_RUNPATH_SEARCH_PATHS = (
					"$(inherited)",
					"@executable_path/Frameworks",
				);
				MARKETING_VERSION = 1.0;
				PRODUCT_BUNDLE_IDENTIFIER = com.task.TMDB;
				PRODUCT_NAME = "$(TARGET_NAME)";
				SWIFT_EMIT_LOC_STRINGS = YES;
				SWIFT_VERSION = 5.0;
				TARGETED_DEVICE_FAMILY = "1,2";
			};
			name = Debug;
		};
		F93E07952B335AF800DF8A48 /* Release */ = {
			isa = XCBuildConfiguration;
			buildSettings = {
				ASSETCATALOG_COMPILER_APPICON_NAME = AppIcon;
				ASSETCATALOG_COMPILER_GLOBAL_ACCENT_COLOR_NAME = AccentColor;
				CODE_SIGN_STYLE = Automatic;
				CURRENT_PROJECT_VERSION = 1;
				DEVELOPMENT_TEAM = YKSLKY2D83;
				GENERATE_INFOPLIST_FILE = YES;
				INFOPLIST_FILE = TMDB/Info.plist;
				INFOPLIST_KEY_UIApplicationSupportsIndirectInputEvents = YES;
				INFOPLIST_KEY_UILaunchStoryboardName = LaunchScreen;
				INFOPLIST_KEY_UISupportedInterfaceOrientations_iPad = "UIInterfaceOrientationPortrait UIInterfaceOrientationPortraitUpsideDown UIInterfaceOrientationLandscapeLeft UIInterfaceOrientationLandscapeRight";
				INFOPLIST_KEY_UISupportedInterfaceOrientations_iPhone = "UIInterfaceOrientationPortrait UIInterfaceOrientationLandscapeLeft UIInterfaceOrientationLandscapeRight";
				LD_RUNPATH_SEARCH_PATHS = (
					"$(inherited)",
					"@executable_path/Frameworks",
				);
				MARKETING_VERSION = 1.0;
				PRODUCT_BUNDLE_IDENTIFIER = com.task.TMDB;
				PRODUCT_NAME = "$(TARGET_NAME)";
				SWIFT_EMIT_LOC_STRINGS = YES;
				SWIFT_VERSION = 5.0;
				TARGETED_DEVICE_FAMILY = "1,2";
			};
			name = Release;
		};
		F93E07972B335AF800DF8A48 /* Debug */ = {
			isa = XCBuildConfiguration;
			buildSettings = {
				ALWAYS_EMBED_SWIFT_STANDARD_LIBRARIES = YES;
				BUNDLE_LOADER = "$(TEST_HOST)";
				CODE_SIGN_STYLE = Automatic;
				CURRENT_PROJECT_VERSION = 1;
				DEVELOPMENT_TEAM = YKSLKY2D83;
				GENERATE_INFOPLIST_FILE = YES;
				IPHONEOS_DEPLOYMENT_TARGET = 17.0;
				MARKETING_VERSION = 1.0;
				PRODUCT_BUNDLE_IDENTIFIER = com.task.TMDBTests;
				PRODUCT_NAME = "$(TARGET_NAME)";
				SWIFT_EMIT_LOC_STRINGS = NO;
				SWIFT_VERSION = 5.0;
				TARGETED_DEVICE_FAMILY = "1,2";
				TEST_HOST = "$(BUILT_PRODUCTS_DIR)/TMDB.app/$(BUNDLE_EXECUTABLE_FOLDER_PATH)/TMDB";
			};
			name = Debug;
		};
		F93E07982B335AF800DF8A48 /* Release */ = {
			isa = XCBuildConfiguration;
			buildSettings = {
				ALWAYS_EMBED_SWIFT_STANDARD_LIBRARIES = YES;
				BUNDLE_LOADER = "$(TEST_HOST)";
				CODE_SIGN_STYLE = Automatic;
				CURRENT_PROJECT_VERSION = 1;
				DEVELOPMENT_TEAM = YKSLKY2D83;
				GENERATE_INFOPLIST_FILE = YES;
				IPHONEOS_DEPLOYMENT_TARGET = 17.0;
				MARKETING_VERSION = 1.0;
				PRODUCT_BUNDLE_IDENTIFIER = com.task.TMDBTests;
				PRODUCT_NAME = "$(TARGET_NAME)";
				SWIFT_EMIT_LOC_STRINGS = NO;
				SWIFT_VERSION = 5.0;
				TARGETED_DEVICE_FAMILY = "1,2";
				TEST_HOST = "$(BUILT_PRODUCTS_DIR)/TMDB.app/$(BUNDLE_EXECUTABLE_FOLDER_PATH)/TMDB";
			};
			name = Release;
		};
		F93E079A2B335AF800DF8A48 /* Debug */ = {
			isa = XCBuildConfiguration;
			buildSettings = {
				ALWAYS_EMBED_SWIFT_STANDARD_LIBRARIES = YES;
				CODE_SIGN_STYLE = Automatic;
				CURRENT_PROJECT_VERSION = 1;
				DEVELOPMENT_TEAM = YKSLKY2D83;
				GENERATE_INFOPLIST_FILE = YES;
				MARKETING_VERSION = 1.0;
				PRODUCT_BUNDLE_IDENTIFIER = com.task.TMDBUITests;
				PRODUCT_NAME = "$(TARGET_NAME)";
				SWIFT_EMIT_LOC_STRINGS = NO;
				SWIFT_VERSION = 5.0;
				TARGETED_DEVICE_FAMILY = "1,2";
				TEST_TARGET_NAME = TMDB;
			};
			name = Debug;
		};
		F93E079B2B335AF800DF8A48 /* Release */ = {
			isa = XCBuildConfiguration;
			buildSettings = {
				ALWAYS_EMBED_SWIFT_STANDARD_LIBRARIES = YES;
				CODE_SIGN_STYLE = Automatic;
				CURRENT_PROJECT_VERSION = 1;
				DEVELOPMENT_TEAM = YKSLKY2D83;
				GENERATE_INFOPLIST_FILE = YES;
				MARKETING_VERSION = 1.0;
				PRODUCT_BUNDLE_IDENTIFIER = com.task.TMDBUITests;
				PRODUCT_NAME = "$(TARGET_NAME)";
				SWIFT_EMIT_LOC_STRINGS = NO;
				SWIFT_VERSION = 5.0;
				TARGETED_DEVICE_FAMILY = "1,2";
				TEST_TARGET_NAME = TMDB;
			};
			name = Release;
		};
/* End XCBuildConfiguration section */

/* Begin XCConfigurationList section */
		F93E07612B335AF700DF8A48 /* Build configuration list for PBXProject "TMDB" */ = {
			isa = XCConfigurationList;
			buildConfigurations = (
				F93E07912B335AF800DF8A48 /* Debug */,
				F93E07922B335AF800DF8A48 /* Release */,
			);
			defaultConfigurationIsVisible = 0;
			defaultConfigurationName = Release;
		};
		F93E07932B335AF800DF8A48 /* Build configuration list for PBXNativeTarget "TMDB" */ = {
			isa = XCConfigurationList;
			buildConfigurations = (
				F93E07942B335AF800DF8A48 /* Debug */,
				F93E07952B335AF800DF8A48 /* Release */,
			);
			defaultConfigurationIsVisible = 0;
			defaultConfigurationName = Release;
		};
		F93E07962B335AF800DF8A48 /* Build configuration list for PBXNativeTarget "TMDBTests" */ = {
			isa = XCConfigurationList;
			buildConfigurations = (
				F93E07972B335AF800DF8A48 /* Debug */,
				F93E07982B335AF800DF8A48 /* Release */,
			);
			defaultConfigurationIsVisible = 0;
			defaultConfigurationName = Release;
		};
		F93E07992B335AF800DF8A48 /* Build configuration list for PBXNativeTarget "TMDBUITests" */ = {
			isa = XCConfigurationList;
			buildConfigurations = (
				F93E079A2B335AF800DF8A48 /* Debug */,
				F93E079B2B335AF800DF8A48 /* Release */,
			);
			defaultConfigurationIsVisible = 0;
			defaultConfigurationName = Release;
		};
/* End XCConfigurationList section */

/* Begin XCVersionGroup section */
		F9010DF92B366B2B0034B29F /* TMDB.xcdatamodeld */ = {
			isa = XCVersionGroup;
			children = (
				F9010DFA2B366B2B0034B29F /* TMDB.xcdatamodel */,
			);
			currentVersion = F9010DFA2B366B2B0034B29F /* TMDB.xcdatamodel */;
			path = TMDB.xcdatamodeld;
			sourceTree = "<group>";
			versionGroupType = wrapper.xcdatamodel;
		};
/* End XCVersionGroup section */
	};
	rootObject = F93E075E2B335AF700DF8A48 /* Project object */;
}
