// !$*UTF8*$!
{
	archiveVersion = 1;
	classes = {
	};
	objectVersion = 56;
	objects = {

/* Begin PBXBuildFile section */
		F94C338C2B35D0AA00B95894 /* BackdropView.swift in Sources */ = {isa = PBXBuildFile; fileRef = F94C338B2B35D0AA00B95894 /* BackdropView.swift */; };
		F94C338E2B35D0AE00B95894 /* BackdropView.xib in Resources */ = {isa = PBXBuildFile; fileRef = F94C338D2B35D0AE00B95894 /* BackdropView.xib */; };
		F99DA7FE2B35966000C7944E /* Kingfisher in Frameworks */ = {isa = PBXBuildFile; productRef = F99DA7FD2B35966000C7944E /* Kingfisher */; };
		F99DA8022B35A44C00C7944E /* MovieCell.swift in Sources */ = {isa = PBXBuildFile; fileRef = F99DA8002B35A44C00C7944E /* MovieCell.swift */; };
		F99DA8032B35A44C00C7944E /* MovieCell.xib in Resources */ = {isa = PBXBuildFile; fileRef = F99DA8012B35A44C00C7944E /* MovieCell.xib */; };
		F99DA8062B35A47400C7944E /* MovieCellItemProtocol.swift in Sources */ = {isa = PBXBuildFile; fileRef = F99DA8052B35A47400C7944E /* MovieCellItemProtocol.swift */; };
		F9A880CD2B35A6F0001ED4C5 /* UIImageView+Extensions.swift in Sources */ = {isa = PBXBuildFile; fileRef = F9A880CC2B35A6F0001ED4C5 /* UIImageView+Extensions.swift */; };
		F9A880D02B35A848001ED4C5 /* MovieInfoView.swift in Sources */ = {isa = PBXBuildFile; fileRef = F9A880CF2B35A848001ED4C5 /* MovieInfoView.swift */; };
		F9A880D22B35A84F001ED4C5 /* MovieInfoView.xib in Resources */ = {isa = PBXBuildFile; fileRef = F9A880D12B35A84F001ED4C5 /* MovieInfoView.xib */; };
		F9A880D52B35A872001ED4C5 /* MovieInfoViewItemProtocol.swift in Sources */ = {isa = PBXBuildFile; fileRef = F9A880D42B35A872001ED4C5 /* MovieInfoViewItemProtocol.swift */; };
		F9A880D72B35A966001ED4C5 /* UIView+Extensions.swift in Sources */ = {isa = PBXBuildFile; fileRef = F9A880D62B35A966001ED4C5 /* UIView+Extensions.swift */; };
		F9A880D92B35AA07001ED4C5 /* UIResponder+Extension.swift in Sources */ = {isa = PBXBuildFile; fileRef = F9A880D82B35AA07001ED4C5 /* UIResponder+Extension.swift */; };
		F9A880DD2B35AC1C001ED4C5 /* UICollectionView+Extensions.swift in Sources */ = {isa = PBXBuildFile; fileRef = F9A880DC2B35AC1C001ED4C5 /* UICollectionView+Extensions.swift */; };
/* End PBXBuildFile section */

/* Begin PBXFileReference section */
		F94C338B2B35D0AA00B95894 /* BackdropView.swift */ = {isa = PBXFileReference; lastKnownFileType = sourcecode.swift; path = BackdropView.swift; sourceTree = "<group>"; };
		F94C338D2B35D0AE00B95894 /* BackdropView.xib */ = {isa = PBXFileReference; lastKnownFileType = file.xib; path = BackdropView.xib; sourceTree = "<group>"; };
		F99DA7E72B35928200C7944E /* UIComponents.framework */ = {isa = PBXFileReference; explicitFileType = wrapper.framework; includeInIndex = 0; path = UIComponents.framework; sourceTree = BUILT_PRODUCTS_DIR; };
		F99DA8002B35A44C00C7944E /* MovieCell.swift */ = {isa = PBXFileReference; lastKnownFileType = sourcecode.swift; path = MovieCell.swift; sourceTree = "<group>"; };
		F99DA8012B35A44C00C7944E /* MovieCell.xib */ = {isa = PBXFileReference; lastKnownFileType = file.xib; path = MovieCell.xib; sourceTree = "<group>"; };
		F99DA8052B35A47400C7944E /* MovieCellItemProtocol.swift */ = {isa = PBXFileReference; lastKnownFileType = sourcecode.swift; path = MovieCellItemProtocol.swift; sourceTree = "<group>"; };
		F9A880CC2B35A6F0001ED4C5 /* UIImageView+Extensions.swift */ = {isa = PBXFileReference; lastKnownFileType = sourcecode.swift; path = "UIImageView+Extensions.swift"; sourceTree = "<group>"; };
		F9A880CF2B35A848001ED4C5 /* MovieInfoView.swift */ = {isa = PBXFileReference; lastKnownFileType = sourcecode.swift; path = MovieInfoView.swift; sourceTree = "<group>"; };
		F9A880D12B35A84F001ED4C5 /* MovieInfoView.xib */ = {isa = PBXFileReference; lastKnownFileType = file.xib; path = MovieInfoView.xib; sourceTree = "<group>"; };
		F9A880D42B35A872001ED4C5 /* MovieInfoViewItemProtocol.swift */ = {isa = PBXFileReference; lastKnownFileType = sourcecode.swift; path = MovieInfoViewItemProtocol.swift; sourceTree = "<group>"; };
		F9A880D62B35A966001ED4C5 /* UIView+Extensions.swift */ = {isa = PBXFileReference; lastKnownFileType = sourcecode.swift; path = "UIView+Extensions.swift"; sourceTree = "<group>"; };
		F9A880D82B35AA07001ED4C5 /* UIResponder+Extension.swift */ = {isa = PBXFileReference; lastKnownFileType = sourcecode.swift; path = "UIResponder+Extension.swift"; sourceTree = "<group>"; };
		F9A880DC2B35AC1C001ED4C5 /* UICollectionView+Extensions.swift */ = {isa = PBXFileReference; lastKnownFileType = sourcecode.swift; path = "UICollectionView+Extensions.swift"; sourceTree = "<group>"; };
/* End PBXFileReference section */

/* Begin PBXFrameworksBuildPhase section */
		F99DA7E42B35928200C7944E /* Frameworks */ = {
			isa = PBXFrameworksBuildPhase;
			buildActionMask = 2147483647;
			files = (
				F99DA7FE2B35966000C7944E /* Kingfisher in Frameworks */,
			);
			runOnlyForDeploymentPostprocessing = 0;
		};
/* End PBXFrameworksBuildPhase section */

/* Begin PBXGroup section */
		F94C338A2B35D09A00B95894 /* BackdropView */ = {
			isa = PBXGroup;
			children = (
				F94C338B2B35D0AA00B95894 /* BackdropView.swift */,
				F94C338D2B35D0AE00B95894 /* BackdropView.xib */,
			);
			path = BackdropView;
			sourceTree = "<group>";
		};
		F99DA7DD2B35928200C7944E = {
			isa = PBXGroup;
			children = (
				F99DA7E92B35928200C7944E /* UIComponents */,
				F99DA7E82B35928200C7944E /* Products */,
			);
			sourceTree = "<group>";
		};
		F99DA7E82B35928200C7944E /* Products */ = {
			isa = PBXGroup;
			children = (
				F99DA7E72B35928200C7944E /* UIComponents.framework */,
			);
			name = Products;
			sourceTree = "<group>";
		};
		F99DA7E92B35928200C7944E /* UIComponents */ = {
			isa = PBXGroup;
			children = (
				F9A880CE2B35A837001ED4C5 /* ReusableViews */,
				F99DA7FF2B35A40800C7944E /* UICollectionViewCells */,
				F99DA7F22B35951E00C7944E /* Extensions */,
			);
			path = UIComponents;
			sourceTree = "<group>";
		};
		F99DA7F22B35951E00C7944E /* Extensions */ = {
			isa = PBXGroup;
			children = (
				F9A880CC2B35A6F0001ED4C5 /* UIImageView+Extensions.swift */,
				F9A880D62B35A966001ED4C5 /* UIView+Extensions.swift */,
				F9A880D82B35AA07001ED4C5 /* UIResponder+Extension.swift */,
				F9A880DC2B35AC1C001ED4C5 /* UICollectionView+Extensions.swift */,
			);
			path = Extensions;
			sourceTree = "<group>";
		};
		F99DA7FF2B35A40800C7944E /* UICollectionViewCells */ = {
			isa = PBXGroup;
			children = (
				F99DA8042B35A46B00C7944E /* MovieCell */,
			);
			path = UICollectionViewCells;
			sourceTree = "<group>";
		};
		F99DA8042B35A46B00C7944E /* MovieCell */ = {
			isa = PBXGroup;
			children = (
				F99DA8052B35A47400C7944E /* MovieCellItemProtocol.swift */,
				F99DA8002B35A44C00C7944E /* MovieCell.swift */,
				F99DA8012B35A44C00C7944E /* MovieCell.xib */,
			);
			path = MovieCell;
			sourceTree = "<group>";
		};
		F9A880CE2B35A837001ED4C5 /* ReusableViews */ = {
			isa = PBXGroup;
			children = (
				F94C338A2B35D09A00B95894 /* BackdropView */,
				F9A880D32B35A855001ED4C5 /* MovieInfoView */,
			);
			path = ReusableViews;
			sourceTree = "<group>";
		};
		F9A880D32B35A855001ED4C5 /* MovieInfoView */ = {
			isa = PBXGroup;
			children = (
				F9A880D42B35A872001ED4C5 /* MovieInfoViewItemProtocol.swift */,
				F9A880CF2B35A848001ED4C5 /* MovieInfoView.swift */,
				F9A880D12B35A84F001ED4C5 /* MovieInfoView.xib */,
			);
			path = MovieInfoView;
			sourceTree = "<group>";
		};
/* End PBXGroup section */

/* Begin PBXHeadersBuildPhase section */
		F99DA7E22B35928200C7944E /* Headers */ = {
			isa = PBXHeadersBuildPhase;
			buildActionMask = 2147483647;
			files = (
			);
			runOnlyForDeploymentPostprocessing = 0;
		};
/* End PBXHeadersBuildPhase section */

/* Begin PBXNativeTarget section */
		F99DA7E62B35928200C7944E /* UIComponents */ = {
			isa = PBXNativeTarget;
			buildConfigurationList = F99DA7EE2B35928200C7944E /* Build configuration list for PBXNativeTarget "UIComponents" */;
			buildPhases = (
				F99DA7E22B35928200C7944E /* Headers */,
				F99DA7E32B35928200C7944E /* Sources */,
				F99DA7E42B35928200C7944E /* Frameworks */,
				F99DA7E52B35928200C7944E /* Resources */,
			);
			buildRules = (
			);
			dependencies = (
			);
			name = UIComponents;
			packageProductDependencies = (
				F99DA7FD2B35966000C7944E /* Kingfisher */,
			);
			productName = UIComponents;
			productReference = F99DA7E72B35928200C7944E /* UIComponents.framework */;
			productType = "com.apple.product-type.framework";
		};
/* End PBXNativeTarget section */

/* Begin PBXProject section */
		F99DA7DE2B35928200C7944E /* Project object */ = {
			isa = PBXProject;
			attributes = {
				BuildIndependentTargetsInParallel = 1;
				LastUpgradeCheck = 1500;
				TargetAttributes = {
					F99DA7E62B35928200C7944E = {
						CreatedOnToolsVersion = 15.0;
						LastSwiftMigration = 1500;
					};
				};
			};
			buildConfigurationList = F99DA7E12B35928200C7944E /* Build configuration list for PBXProject "UIComponents" */;
			compatibilityVersion = "Xcode 14.0";
			developmentRegion = en;
			hasScannedForEncodings = 0;
			knownRegions = (
				en,
				Base,
			);
			mainGroup = F99DA7DD2B35928200C7944E;
			packageReferences = (
				F99DA7FC2B35966000C7944E /* XCRemoteSwiftPackageReference "Kingfisher" */,
			);
			productRefGroup = F99DA7E82B35928200C7944E /* Products */;
			projectDirPath = "";
			projectRoot = "";
			targets = (
				F99DA7E62B35928200C7944E /* UIComponents */,
			);
		};
/* End PBXProject section */

/* Begin PBXResourcesBuildPhase section */
		F99DA7E52B35928200C7944E /* Resources */ = {
			isa = PBXResourcesBuildPhase;
			buildActionMask = 2147483647;
			files = (
				F94C338E2B35D0AE00B95894 /* BackdropView.xib in Resources */,
				F99DA8032B35A44C00C7944E /* MovieCell.xib in Resources */,
				F9A880D22B35A84F001ED4C5 /* MovieInfoView.xib in Resources */,
			);
			runOnlyForDeploymentPostprocessing = 0;
		};
/* End PBXResourcesBuildPhase section */

/* Begin PBXSourcesBuildPhase section */
		F99DA7E32B35928200C7944E /* Sources */ = {
			isa = PBXSourcesBuildPhase;
			buildActionMask = 2147483647;
			files = (
				F9A880CD2B35A6F0001ED4C5 /* UIImageView+Extensions.swift in Sources */,
				F9A880D02B35A848001ED4C5 /* MovieInfoView.swift in Sources */,
				F99DA8062B35A47400C7944E /* MovieCellItemProtocol.swift in Sources */,
				F99DA8022B35A44C00C7944E /* MovieCell.swift in Sources */,
				F9A880D72B35A966001ED4C5 /* UIView+Extensions.swift in Sources */,
				F9A880D52B35A872001ED4C5 /* MovieInfoViewItemProtocol.swift in Sources */,
				F9A880DD2B35AC1C001ED4C5 /* UICollectionView+Extensions.swift in Sources */,
				F9A880D92B35AA07001ED4C5 /* UIResponder+Extension.swift in Sources */,
				F94C338C2B35D0AA00B95894 /* BackdropView.swift in Sources */,
			);
			runOnlyForDeploymentPostprocessing = 0;
		};
/* End PBXSourcesBuildPhase section */

/* Begin XCBuildConfiguration section */
		F99DA7EC2B35928200C7944E /* Debug */ = {
			isa = XCBuildConfiguration;
			buildSettings = {
				ALWAYS_SEARCH_USER_PATHS = NO;
				ASSETCATALOG_COMPILER_GENERATE_SWIFT_ASSET_SYMBOL_EXTENSIONS = YES;
				CLANG_ANALYZER_NONNULL = YES;
				CLANG_ANALYZER_NUMBER_OBJECT_CONVERSION = YES_AGGRESSIVE;
				CLANG_CXX_LANGUAGE_STANDARD = "gnu++20";
				CLANG_ENABLE_MODULES = YES;
				CLANG_ENABLE_OBJC_ARC = YES;
				CLANG_ENABLE_OBJC_WEAK = YES;
				CLANG_WARN_BLOCK_CAPTURE_AUTORELEASING = YES;
				CLANG_WARN_BOOL_CONVERSION = YES;
				CLANG_WARN_COMMA = YES;
				CLANG_WARN_CONSTANT_CONVERSION = YES;
				CLANG_WARN_DEPRECATED_OBJC_IMPLEMENTATIONS = YES;
				CLANG_WARN_DIRECT_OBJC_ISA_USAGE = YES_ERROR;
				CLANG_WARN_DOCUMENTATION_COMMENTS = YES;
				CLANG_WARN_EMPTY_BODY = YES;
				CLANG_WARN_ENUM_CONVERSION = YES;
				CLANG_WARN_INFINITE_RECURSION = YES;
				CLANG_WARN_INT_CONVERSION = YES;
				CLANG_WARN_NON_LITERAL_NULL_CONVERSION = YES;
				CLANG_WARN_OBJC_IMPLICIT_RETAIN_SELF = YES;
				CLANG_WARN_OBJC_LITERAL_CONVERSION = YES;
				CLANG_WARN_OBJC_ROOT_CLASS = YES_ERROR;
				CLANG_WARN_QUOTED_INCLUDE_IN_FRAMEWORK_HEADER = YES;
				CLANG_WARN_RANGE_LOOP_ANALYSIS = YES;
				CLANG_WARN_STRICT_PROTOTYPES = YES;
				CLANG_WARN_SUSPICIOUS_MOVE = YES;
				CLANG_WARN_UNGUARDED_AVAILABILITY = YES_AGGRESSIVE;
				CLANG_WARN_UNREACHABLE_CODE = YES;
				CLANG_WARN__DUPLICATE_METHOD_MATCH = YES;
				COPY_PHASE_STRIP = NO;
				CURRENT_PROJECT_VERSION = 1;
				DEBUG_INFORMATION_FORMAT = dwarf;
				ENABLE_STRICT_OBJC_MSGSEND = YES;
				ENABLE_TESTABILITY = YES;
				ENABLE_USER_SCRIPT_SANDBOXING = YES;
				GCC_C_LANGUAGE_STANDARD = gnu17;
				GCC_DYNAMIC_NO_PIC = NO;
				GCC_NO_COMMON_BLOCKS = YES;
				GCC_OPTIMIZATION_LEVEL = 0;
				GCC_PREPROCESSOR_DEFINITIONS = (
					"DEBUG=1",
					"$(inherited)",
				);
				GCC_WARN_64_TO_32_BIT_CONVERSION = YES;
				GCC_WARN_ABOUT_RETURN_TYPE = YES_ERROR;
				GCC_WARN_UNDECLARED_SELECTOR = YES;
				GCC_WARN_UNINITIALIZED_AUTOS = YES_AGGRESSIVE;
				GCC_WARN_UNUSED_FUNCTION = YES;
				GCC_WARN_UNUSED_VARIABLE = YES;
				IPHONEOS_DEPLOYMENT_TARGET = 17.0;
				LOCALIZATION_PREFERS_STRING_CATALOGS = YES;
				MTL_ENABLE_DEBUG_INFO = INCLUDE_SOURCE;
				MTL_FAST_MATH = YES;
				ONLY_ACTIVE_ARCH = YES;
				SDKROOT = iphoneos;
				SWIFT_ACTIVE_COMPILATION_CONDITIONS = "DEBUG $(inherited)";
				SWIFT_OPTIMIZATION_LEVEL = "-Onone";
				VERSIONING_SYSTEM = "apple-generic";
				VERSION_INFO_PREFIX = "";
			};
			name = Debug;
		};
		F99DA7ED2B35928200C7944E /* Release */ = {
			isa = XCBuildConfiguration;
			buildSettings = {
				ALWAYS_SEARCH_USER_PATHS = NO;
				ASSETCATALOG_COMPILER_GENERATE_SWIFT_ASSET_SYMBOL_EXTENSIONS = YES;
				CLANG_ANALYZER_NONNULL = YES;
				CLANG_ANALYZER_NUMBER_OBJECT_CONVERSION = YES_AGGRESSIVE;
				CLANG_CXX_LANGUAGE_STANDARD = "gnu++20";
				CLANG_ENABLE_MODULES = YES;
				CLANG_ENABLE_OBJC_ARC = YES;
				CLANG_ENABLE_OBJC_WEAK = YES;
				CLANG_WARN_BLOCK_CAPTURE_AUTORELEASING = YES;
				CLANG_WARN_BOOL_CONVERSION = YES;
				CLANG_WARN_COMMA = YES;
				CLANG_WARN_CONSTANT_CONVERSION = YES;
				CLANG_WARN_DEPRECATED_OBJC_IMPLEMENTATIONS = YES;
				CLANG_WARN_DIRECT_OBJC_ISA_USAGE = YES_ERROR;
				CLANG_WARN_DOCUMENTATION_COMMENTS = YES;
				CLANG_WARN_EMPTY_BODY = YES;
				CLANG_WARN_ENUM_CONVERSION = YES;
				CLANG_WARN_INFINITE_RECURSION = YES;
				CLANG_WARN_INT_CONVERSION = YES;
				CLANG_WARN_NON_LITERAL_NULL_CONVERSION = YES;
				CLANG_WARN_OBJC_IMPLICIT_RETAIN_SELF = YES;
				CLANG_WARN_OBJC_LITERAL_CONVERSION = YES;
				CLANG_WARN_OBJC_ROOT_CLASS = YES_ERROR;
				CLANG_WARN_QUOTED_INCLUDE_IN_FRAMEWORK_HEADER = YES;
				CLANG_WARN_RANGE_LOOP_ANALYSIS = YES;
				CLANG_WARN_STRICT_PROTOTYPES = YES;
				CLANG_WARN_SUSPICIOUS_MOVE = YES;
				CLANG_WARN_UNGUARDED_AVAILABILITY = YES_AGGRESSIVE;
				CLANG_WARN_UNREACHABLE_CODE = YES;
				CLANG_WARN__DUPLICATE_METHOD_MATCH = YES;
				COPY_PHASE_STRIP = NO;
				CURRENT_PROJECT_VERSION = 1;
				DEBUG_INFORMATION_FORMAT = "dwarf-with-dsym";
				ENABLE_NS_ASSERTIONS = NO;
				ENABLE_STRICT_OBJC_MSGSEND = YES;
				ENABLE_USER_SCRIPT_SANDBOXING = YES;
				GCC_C_LANGUAGE_STANDARD = gnu17;
				GCC_NO_COMMON_BLOCKS = YES;
				GCC_WARN_64_TO_32_BIT_CONVERSION = YES;
				GCC_WARN_ABOUT_RETURN_TYPE = YES_ERROR;
				GCC_WARN_UNDECLARED_SELECTOR = YES;
				GCC_WARN_UNINITIALIZED_AUTOS = YES_AGGRESSIVE;
				GCC_WARN_UNUSED_FUNCTION = YES;
				GCC_WARN_UNUSED_VARIABLE = YES;
				IPHONEOS_DEPLOYMENT_TARGET = 17.0;
				LOCALIZATION_PREFERS_STRING_CATALOGS = YES;
				MTL_ENABLE_DEBUG_INFO = NO;
				MTL_FAST_MATH = YES;
				SDKROOT = iphoneos;
				SWIFT_COMPILATION_MODE = wholemodule;
				VALIDATE_PRODUCT = YES;
				VERSIONING_SYSTEM = "apple-generic";
				VERSION_INFO_PREFIX = "";
			};
			name = Release;
		};
		F99DA7EF2B35928200C7944E /* Debug */ = {
			isa = XCBuildConfiguration;
			buildSettings = {
				CLANG_ENABLE_MODULES = YES;
				CODE_SIGN_STYLE = Automatic;
				CURRENT_PROJECT_VERSION = 1;
				DEFINES_MODULE = YES;
				DEVELOPMENT_TEAM = YKSLKY2D83;
				DYLIB_COMPATIBILITY_VERSION = 1;
				DYLIB_CURRENT_VERSION = 1;
				DYLIB_INSTALL_NAME_BASE = "@rpath";
				ENABLE_MODULE_VERIFIER = YES;
				GENERATE_INFOPLIST_FILE = YES;
				INFOPLIST_KEY_NSHumanReadableCopyright = "";
				INSTALL_PATH = "$(LOCAL_LIBRARY_DIR)/Frameworks";
				IPHONEOS_DEPLOYMENT_TARGET = 16.0;
				LD_RUNPATH_SEARCH_PATHS = (
					"$(inherited)",
					"@executable_path/Frameworks",
					"@loader_path/Frameworks",
				);
				MARKETING_VERSION = 1.0;
				MODULE_VERIFIER_SUPPORTED_LANGUAGES = "objective-c objective-c++";
				MODULE_VERIFIER_SUPPORTED_LANGUAGE_STANDARDS = "gnu17 gnu++20";
				PRODUCT_BUNDLE_IDENTIFIER = com.task.UIComponents;
				PRODUCT_NAME = "$(TARGET_NAME:c99extidentifier)";
				SKIP_INSTALL = YES;
				SWIFT_EMIT_LOC_STRINGS = YES;
				SWIFT_OPTIMIZATION_LEVEL = "-Onone";
				SWIFT_VERSION = 5.0;
				TARGETED_DEVICE_FAMILY = "1,2";
			};
			name = Debug;
		};
		F99DA7F02B35928200C7944E /* Release */ = {
			isa = XCBuildConfiguration;
			buildSettings = {
				CLANG_ENABLE_MODULES = YES;
				CODE_SIGN_STYLE = Automatic;
				CURRENT_PROJECT_VERSION = 1;
				DEFINES_MODULE = YES;
				DEVELOPMENT_TEAM = YKSLKY2D83;
				DYLIB_COMPATIBILITY_VERSION = 1;
				DYLIB_CURRENT_VERSION = 1;
				DYLIB_INSTALL_NAME_BASE = "@rpath";
				ENABLE_MODULE_VERIFIER = YES;
				GENERATE_INFOPLIST_FILE = YES;
				INFOPLIST_KEY_NSHumanReadableCopyright = "";
				INSTALL_PATH = "$(LOCAL_LIBRARY_DIR)/Frameworks";
				IPHONEOS_DEPLOYMENT_TARGET = 16.0;
				LD_RUNPATH_SEARCH_PATHS = (
					"$(inherited)",
					"@executable_path/Frameworks",
					"@loader_path/Frameworks",
				);
				MARKETING_VERSION = 1.0;
				MODULE_VERIFIER_SUPPORTED_LANGUAGES = "objective-c objective-c++";
				MODULE_VERIFIER_SUPPORTED_LANGUAGE_STANDARDS = "gnu17 gnu++20";
				PRODUCT_BUNDLE_IDENTIFIER = com.task.UIComponents;
				PRODUCT_NAME = "$(TARGET_NAME:c99extidentifier)";
				SKIP_INSTALL = YES;
				SWIFT_EMIT_LOC_STRINGS = YES;
				SWIFT_VERSION = 5.0;
				TARGETED_DEVICE_FAMILY = "1,2";
			};
			name = Release;
		};
/* End XCBuildConfiguration section */

/* Begin XCConfigurationList section */
		F99DA7E12B35928200C7944E /* Build configuration list for PBXProject "UIComponents" */ = {
			isa = XCConfigurationList;
			buildConfigurations = (
				F99DA7EC2B35928200C7944E /* Debug */,
				F99DA7ED2B35928200C7944E /* Release */,
			);
			defaultConfigurationIsVisible = 0;
			defaultConfigurationName = Release;
		};
		F99DA7EE2B35928200C7944E /* Build configuration list for PBXNativeTarget "UIComponents" */ = {
			isa = XCConfigurationList;
			buildConfigurations = (
				F99DA7EF2B35928200C7944E /* Debug */,
				F99DA7F02B35928200C7944E /* Release */,
			);
			defaultConfigurationIsVisible = 0;
			defaultConfigurationName = Release;
		};
/* End XCConfigurationList section */

/* Begin XCRemoteSwiftPackageReference section */
		F99DA7FC2B35966000C7944E /* XCRemoteSwiftPackageReference "Kingfisher" */ = {
			isa = XCRemoteSwiftPackageReference;
			repositoryURL = "https://github.com/onevcat/Kingfisher.git";
			requirement = {
				kind = upToNextMajorVersion;
				minimumVersion = 7.10.1;
			};
		};
/* End XCRemoteSwiftPackageReference section */

/* Begin XCSwiftPackageProductDependency section */
		F99DA7FD2B35966000C7944E /* Kingfisher */ = {
			isa = XCSwiftPackageProductDependency;
			package = F99DA7FC2B35966000C7944E /* XCRemoteSwiftPackageReference "Kingfisher" */;
			productName = Kingfisher;
		};
/* End XCSwiftPackageProductDependency section */
	};
	rootObject = F99DA7DE2B35928200C7944E /* Project object */;
}
